{
  "version": 4,
  "terraform_version": "1.13.4",
  "serial": 19,
  "lineage": "d5f8ad53-4f1d-b511-fee1-9cd71a802b31",
  "outputs": {
    "controller_ip": {
      "value": "54.164.105.24",
      "type": "string"
    },
    "elastic_ips": {
      "value": {
        "manager": "107.20.161.202",
        "worker_a": "98.83.15.90",
        "worker_b": "34.229.55.207"
      },
      "type": [
        "object",
        {
          "manager": "string",
          "worker_a": "string",
          "worker_b": "string"
        }
      ]
    },
    "manager_ip": {
      "value": "107.20.161.202",
      "type": "string"
    },
    "worker_a_ip": {
      "value": "98.83.15.90",
      "type": "string"
    },
    "worker_b_ip": {
      "value": "34.229.55.207",
      "type": "string"
    }
  },
  "resources": [
    {
      "mode": "data",
      "type": "aws_vpc",
      "name": "default",
      "provider": "provider[\"registry.terraform.io/hashicorp/aws\"]",
      "instances": [
        {
          "schema_version": 0,
          "attributes": {
            "arn": "arn:aws:ec2:us-east-1:203918858065:vpc/vpc-02f5e00991ede8726",
            "cidr_block": "172.31.0.0/16",
            "cidr_block_associations": [
              {
                "association_id": "vpc-cidr-assoc-0bc9f813f38b241f9",
                "cidr_block": "172.31.0.0/16",
                "state": "associated"
              }
            ],
            "default": true,
            "dhcp_options_id": "dopt-04bbc7ef6019243d3",
            "enable_dns_hostnames": true,
            "enable_dns_support": true,
            "enable_network_address_usage_metrics": false,
            "filter": null,
            "id": "vpc-02f5e00991ede8726",
            "instance_tenancy": "default",
            "ipv6_association_id": "",
            "ipv6_cidr_block": "",
            "main_route_table_id": "rtb-0985bd445b3ab7cc6",
            "owner_id": "203918858065",
            "state": null,
            "tags": {},
            "timeouts": null
          },
          "sensitive_attributes": [],
          "identity_schema_version": 0
        }
      ]
    },
    {
      "mode": "managed",
      "type": "aws_eip",
      "name": "manager_eip",
      "provider": "provider[\"registry.terraform.io/hashicorp/aws\"]",
      "instances": [
        {
          "schema_version": 0,
          "attributes": {
            "address": null,
            "allocation_id": "eipalloc-0f76a1705f37fa2aa",
            "arn": "arn:aws:ec2:us-east-1:203918858065:elastic-ip/eipalloc-0f76a1705f37fa2aa",
            "associate_with_private_ip": null,
            "association_id": "eipassoc-0760c0be871524db6",
            "carrier_ip": "",
            "customer_owned_ip": "",
            "customer_owned_ipv4_pool": "",
            "domain": "vpc",
            "id": "eipalloc-0f76a1705f37fa2aa",
            "instance": "i-0f5b1cbd1762afbdc",
            "ipam_pool_id": null,
            "network_border_group": "us-east-1",
            "network_interface": "eni-0ec405d8fe4defa42",
            "private_dns": "ip-172-31-18-226.ec2.internal",
            "private_ip": "172.31.18.226",
            "ptr_record": "",
            "public_dns": "ec2-107-20-161-202.compute-1.amazonaws.com",
            "public_ip": "107.20.161.202",
            "public_ipv4_pool": "amazon",
            "tags": null,
            "tags_all": {},
            "timeouts": null,
            "vpc": true
          },
          "sensitive_attributes": [],
          "identity_schema_version": 0,
          "private": "eyJlMmJmYjczMC1lY2FhLTExZTYtOGY4OC0zNDM2M2JjN2M0YzAiOnsiZGVsZXRlIjoxODAwMDAwMDAwMDAsInJlYWQiOjkwMDAwMDAwMDAwMCwidXBkYXRlIjozMDAwMDAwMDAwMDB9fQ==",
          "dependencies": [
            "aws_instance.manager",
            "aws_key_pair.terraform_key",
            "aws_security_group.devops_sg",
            "data.aws_vpc.default",
            "tls_private_key.ssh_key"
          ]
        }
      ]
    },
    {
      "mode": "managed",
      "type": "aws_eip",
      "name": "worker_a_eip",
      "provider": "provider[\"registry.terraform.io/hashicorp/aws\"]",
      "instances": [
        {
          "schema_version": 0,
          "attributes": {
            "address": null,
            "allocation_id": "eipalloc-0fa4dad3fb305b503",
            "arn": "arn:aws:ec2:us-east-1:203918858065:elastic-ip/eipalloc-0fa4dad3fb305b503",
            "associate_with_private_ip": null,
            "association_id": "eipassoc-0af1e718f3d8984d5",
            "carrier_ip": "",
            "customer_owned_ip": "",
            "customer_owned_ipv4_pool": "",
            "domain": "vpc",
            "id": "eipalloc-0fa4dad3fb305b503",
            "instance": "i-08179c7304c74c486",
            "ipam_pool_id": null,
            "network_border_group": "us-east-1",
            "network_interface": "eni-00d2050ec0a1db469",
            "private_dns": "ip-172-31-30-152.ec2.internal",
            "private_ip": "172.31.30.152",
            "ptr_record": "",
            "public_dns": "ec2-98-83-15-90.compute-1.amazonaws.com",
            "public_ip": "98.83.15.90",
            "public_ipv4_pool": "amazon",
            "tags": null,
            "tags_all": {},
            "timeouts": null,
            "vpc": true
          },
          "sensitive_attributes": [],
          "identity_schema_version": 0,
          "private": "eyJlMmJmYjczMC1lY2FhLTExZTYtOGY4OC0zNDM2M2JjN2M0YzAiOnsiZGVsZXRlIjoxODAwMDAwMDAwMDAsInJlYWQiOjkwMDAwMDAwMDAwMCwidXBkYXRlIjozMDAwMDAwMDAwMDB9fQ==",
          "dependencies": [
            "aws_instance.worker_a",
            "aws_key_pair.terraform_key",
            "aws_security_group.devops_sg",
            "data.aws_vpc.default",
            "tls_private_key.ssh_key"
          ]
        }
      ]
    },
    {
      "mode": "managed",
      "type": "aws_eip",
      "name": "worker_b_eip",
      "provider": "provider[\"registry.terraform.io/hashicorp/aws\"]",
      "instances": [
        {
          "schema_version": 0,
          "attributes": {
            "address": null,
            "allocation_id": "eipalloc-05dc61c05e45b1cd6",
            "arn": "arn:aws:ec2:us-east-1:203918858065:elastic-ip/eipalloc-05dc61c05e45b1cd6",
            "associate_with_private_ip": null,
            "association_id": "eipassoc-02ac33350e2867149",
            "carrier_ip": "",
            "customer_owned_ip": "",
            "customer_owned_ipv4_pool": "",
            "domain": "vpc",
            "id": "eipalloc-05dc61c05e45b1cd6",
            "instance": "i-0d8ad6e5323992703",
            "ipam_pool_id": null,
            "network_border_group": "us-east-1",
            "network_interface": "eni-01d6e10883d22e360",
            "private_dns": "ip-172-31-22-227.ec2.internal",
            "private_ip": "172.31.22.227",
            "ptr_record": "",
            "public_dns": "ec2-34-229-55-207.compute-1.amazonaws.com",
            "public_ip": "34.229.55.207",
            "public_ipv4_pool": "amazon",
            "tags": null,
            "tags_all": {},
            "timeouts": null,
            "vpc": true
          },
          "sensitive_attributes": [],
          "identity_schema_version": 0,
          "private": "eyJlMmJmYjczMC1lY2FhLTExZTYtOGY4OC0zNDM2M2JjN2M0YzAiOnsiZGVsZXRlIjoxODAwMDAwMDAwMDAsInJlYWQiOjkwMDAwMDAwMDAwMCwidXBkYXRlIjozMDAwMDAwMDAwMDB9fQ==",
          "dependencies": [
            "aws_instance.worker_b",
            "aws_key_pair.terraform_key",
            "aws_security_group.devops_sg",
            "data.aws_vpc.default",
            "tls_private_key.ssh_key"
          ]
        }
      ]
    },
    {
      "mode": "managed",
      "type": "aws_instance",
      "name": "controller",
      "provider": "provider[\"registry.terraform.io/hashicorp/aws\"]",
      "instances": [
        {
          "schema_version": 1,
          "attributes": {
            "ami": "ami-0c7217cdde317cfec",
            "arn": "arn:aws:ec2:us-east-1:203918858065:instance/i-0fb03e393aaf0f8fd",
            "associate_public_ip_address": true,
            "availability_zone": "us-east-1a",
            "capacity_reservation_specification": [
              {
                "capacity_reservation_preference": "open",
                "capacity_reservation_target": []
              }
            ],
            "cpu_core_count": 1,
            "cpu_options": [
              {
                "amd_sev_snp": "",
                "core_count": 1,
                "threads_per_core": 1
              }
            ],
            "cpu_threads_per_core": 1,
            "credit_specification": [
              {
                "cpu_credits": "standard"
              }
            ],
            "disable_api_stop": false,
            "disable_api_termination": false,
            "ebs_block_device": [],
            "ebs_optimized": false,
            "enable_primary_ipv6": null,
            "enclave_options": [
              {
                "enabled": false
              }
            ],
            "ephemeral_block_device": [],
            "get_password_data": false,
            "hibernation": false,
            "host_id": "",
            "host_resource_group_arn": null,
            "iam_instance_profile": "",
            "id": "i-0fb03e393aaf0f8fd",
            "instance_initiated_shutdown_behavior": "stop",
            "instance_lifecycle": "",
            "instance_market_options": [],
            "instance_state": "running",
            "instance_type": "t2.micro",
            "ipv6_address_count": 0,
            "ipv6_addresses": [],
            "key_name": "terraform-key",
            "launch_template": [],
            "maintenance_options": [
              {
                "auto_recovery": "default"
              }
            ],
            "metadata_options": [
              {
                "http_endpoint": "enabled",
                "http_protocol_ipv6": "disabled",
                "http_put_response_hop_limit": 1,
                "http_tokens": "optional",
                "instance_metadata_tags": "disabled"
              }
            ],
            "monitoring": false,
            "network_interface": [],
            "outpost_arn": "",
            "password_data": "",
            "placement_group": "",
            "placement_partition_number": 0,
            "primary_network_interface_id": "eni-0d4b637cc14345c68",
            "private_dns": "ip-172-31-28-71.ec2.internal",
            "private_dns_name_options": [
              {
                "enable_resource_name_dns_a_record": false,
                "enable_resource_name_dns_aaaa_record": false,
                "hostname_type": "ip-name"
              }
            ],
            "private_ip": "172.31.28.71",
            "public_dns": "ec2-54-164-105-24.compute-1.amazonaws.com",
            "public_ip": "54.164.105.24",
            "root_block_device": [
              {
                "delete_on_termination": true,
                "device_name": "/dev/sda1",
                "encrypted": false,
                "iops": 100,
                "kms_key_id": "",
                "tags": {},
                "tags_all": {},
                "throughput": 0,
                "volume_id": "vol-08ea1c3ea7db6f528",
                "volume_size": 8,
                "volume_type": "gp2"
              }
            ],
            "secondary_private_ips": [],
            "security_groups": [
              "devops-sg"
            ],
            "source_dest_check": true,
            "spot_instance_request_id": "",
            "subnet_id": "subnet-06db2ff0a87c083a9",
            "tags": {
              "Name": "Controller"
            },
            "tags_all": {
              "Name": "Controller"
            },
            "tenancy": "default",
            "timeouts": null,
            "user_data": null,
            "user_data_base64": null,
            "user_data_replace_on_change": false,
            "volume_tags": null,
            "vpc_security_group_ids": [
              "sg-09a9f276f3a54d4fc"
            ]
          },
          "sensitive_attributes": [],
          "identity_schema_version": 0,
          "private": "eyJlMmJmYjczMC1lY2FhLTExZTYtOGY4OC0zNDM2M2JjN2M0YzAiOnsiY3JlYXRlIjo2MDAwMDAwMDAwMDAsImRlbGV0ZSI6MTIwMDAwMDAwMDAwMCwicmVhZCI6OTAwMDAwMDAwMDAwLCJ1cGRhdGUiOjYwMDAwMDAwMDAwMH0sInNjaGVtYV92ZXJzaW9uIjoiMSJ9",
          "dependencies": [
            "aws_key_pair.terraform_key",
            "aws_security_group.devops_sg",
            "data.aws_vpc.default",
            "tls_private_key.ssh_key"
          ]
        }
      ]
    },
    {
      "mode": "managed",
      "type": "aws_instance",
      "name": "manager",
      "provider": "provider[\"registry.terraform.io/hashicorp/aws\"]",
      "instances": [
        {
          "schema_version": 1,
          "attributes": {
            "ami": "ami-0c7217cdde317cfec",
            "arn": "arn:aws:ec2:us-east-1:203918858065:instance/i-0f5b1cbd1762afbdc",
            "associate_public_ip_address": true,
            "availability_zone": "us-east-1a",
            "capacity_reservation_specification": [
              {
                "capacity_reservation_preference": "open",
                "capacity_reservation_target": []
              }
            ],
            "cpu_core_count": 1,
            "cpu_options": [
              {
                "amd_sev_snp": "",
                "core_count": 1,
                "threads_per_core": 1
              }
            ],
            "cpu_threads_per_core": 1,
            "credit_specification": [
              {
                "cpu_credits": "standard"
              }
            ],
            "disable_api_stop": false,
            "disable_api_termination": false,
            "ebs_block_device": [],
            "ebs_optimized": false,
            "enable_primary_ipv6": null,
            "enclave_options": [
              {
                "enabled": false
              }
            ],
            "ephemeral_block_device": [],
            "get_password_data": false,
            "hibernation": false,
            "host_id": "",
            "host_resource_group_arn": null,
            "iam_instance_profile": "",
            "id": "i-0f5b1cbd1762afbdc",
            "instance_initiated_shutdown_behavior": "stop",
            "instance_lifecycle": "",
            "instance_market_options": [],
            "instance_state": "running",
            "instance_type": "t2.micro",
            "ipv6_address_count": 0,
            "ipv6_addresses": [],
            "key_name": "terraform-key",
            "launch_template": [],
            "maintenance_options": [
              {
                "auto_recovery": "default"
              }
            ],
            "metadata_options": [
              {
                "http_endpoint": "enabled",
                "http_protocol_ipv6": "disabled",
                "http_put_response_hop_limit": 1,
                "http_tokens": "optional",
                "instance_metadata_tags": "disabled"
              }
            ],
            "monitoring": false,
            "network_interface": [],
            "outpost_arn": "",
            "password_data": "",
            "placement_group": "",
            "placement_partition_number": 0,
            "primary_network_interface_id": "eni-0ec405d8fe4defa42",
            "private_dns": "ip-172-31-18-226.ec2.internal",
            "private_dns_name_options": [
              {
                "enable_resource_name_dns_a_record": false,
                "enable_resource_name_dns_aaaa_record": false,
                "hostname_type": "ip-name"
              }
            ],
            "private_ip": "172.31.18.226",
            "public_dns": "ec2-18-208-171-43.compute-1.amazonaws.com",
            "public_ip": "18.208.171.43",
            "root_block_device": [
              {
                "delete_on_termination": true,
                "device_name": "/dev/sda1",
                "encrypted": false,
                "iops": 100,
                "kms_key_id": "",
                "tags": {},
                "tags_all": {},
                "throughput": 0,
                "volume_id": "vol-04c615189f5364c7e",
                "volume_size": 8,
                "volume_type": "gp2"
              }
            ],
            "secondary_private_ips": [],
            "security_groups": [
              "devops-sg"
            ],
            "source_dest_check": true,
            "spot_instance_request_id": "",
            "subnet_id": "subnet-06db2ff0a87c083a9",
            "tags": {
              "Name": "Swarm-Manager"
            },
            "tags_all": {
              "Name": "Swarm-Manager"
            },
            "tenancy": "default",
            "timeouts": null,
            "user_data": null,
            "user_data_base64": null,
            "user_data_replace_on_change": false,
            "volume_tags": null,
            "vpc_security_group_ids": [
              "sg-09a9f276f3a54d4fc"
            ]
          },
          "sensitive_attributes": [],
          "identity_schema_version": 0,
          "private": "eyJlMmJmYjczMC1lY2FhLTExZTYtOGY4OC0zNDM2M2JjN2M0YzAiOnsiY3JlYXRlIjo2MDAwMDAwMDAwMDAsImRlbGV0ZSI6MTIwMDAwMDAwMDAwMCwicmVhZCI6OTAwMDAwMDAwMDAwLCJ1cGRhdGUiOjYwMDAwMDAwMDAwMH0sInNjaGVtYV92ZXJzaW9uIjoiMSJ9",
          "dependencies": [
            "aws_key_pair.terraform_key",
            "aws_security_group.devops_sg",
            "data.aws_vpc.default",
            "tls_private_key.ssh_key"
          ]
        }
      ]
    },
    {
      "mode": "managed",
      "type": "aws_instance",
      "name": "worker_a",
      "provider": "provider[\"registry.terraform.io/hashicorp/aws\"]",
      "instances": [
        {
          "schema_version": 1,
          "attributes": {
            "ami": "ami-0c7217cdde317cfec",
            "arn": "arn:aws:ec2:us-east-1:203918858065:instance/i-08179c7304c74c486",
            "associate_public_ip_address": true,
            "availability_zone": "us-east-1a",
            "capacity_reservation_specification": [
              {
                "capacity_reservation_preference": "open",
                "capacity_reservation_target": []
              }
            ],
            "cpu_core_count": 1,
            "cpu_options": [
              {
                "amd_sev_snp": "",
                "core_count": 1,
                "threads_per_core": 1
              }
            ],
            "cpu_threads_per_core": 1,
            "credit_specification": [
              {
                "cpu_credits": "standard"
              }
            ],
            "disable_api_stop": false,
            "disable_api_termination": false,
            "ebs_block_device": [],
            "ebs_optimized": false,
            "enable_primary_ipv6": null,
            "enclave_options": [
              {
                "enabled": false
              }
            ],
            "ephemeral_block_device": [],
            "get_password_data": false,
            "hibernation": false,
            "host_id": "",
            "host_resource_group_arn": null,
            "iam_instance_profile": "",
            "id": "i-08179c7304c74c486",
            "instance_initiated_shutdown_behavior": "stop",
            "instance_lifecycle": "",
            "instance_market_options": [],
            "instance_state": "running",
            "instance_type": "t2.micro",
            "ipv6_address_count": 0,
            "ipv6_addresses": [],
            "key_name": "terraform-key",
            "launch_template": [],
            "maintenance_options": [
              {
                "auto_recovery": "default"
              }
            ],
            "metadata_options": [
              {
                "http_endpoint": "enabled",
                "http_protocol_ipv6": "disabled",
                "http_put_response_hop_limit": 1,
                "http_tokens": "optional",
                "instance_metadata_tags": "disabled"
              }
            ],
            "monitoring": false,
            "network_interface": [],
            "outpost_arn": "",
            "password_data": "",
            "placement_group": "",
            "placement_partition_number": 0,
            "primary_network_interface_id": "eni-00d2050ec0a1db469",
            "private_dns": "ip-172-31-30-152.ec2.internal",
            "private_dns_name_options": [
              {
                "enable_resource_name_dns_a_record": false,
                "enable_resource_name_dns_aaaa_record": false,
                "hostname_type": "ip-name"
              }
            ],
            "private_ip": "172.31.30.152",
            "public_dns": "ec2-54-91-149-123.compute-1.amazonaws.com",
            "public_ip": "54.91.149.123",
            "root_block_device": [
              {
                "delete_on_termination": true,
                "device_name": "/dev/sda1",
                "encrypted": false,
                "iops": 100,
                "kms_key_id": "",
                "tags": {},
                "tags_all": {},
                "throughput": 0,
                "volume_id": "vol-08969b511c6c4bc8c",
                "volume_size": 8,
                "volume_type": "gp2"
              }
            ],
            "secondary_private_ips": [],
            "security_groups": [
              "devops-sg"
            ],
            "source_dest_check": true,
            "spot_instance_request_id": "",
            "subnet_id": "subnet-06db2ff0a87c083a9",
            "tags": {
              "Name": "Swarm-Worker-A"
            },
            "tags_all": {
              "Name": "Swarm-Worker-A"
            },
            "tenancy": "default",
            "timeouts": null,
            "user_data": null,
            "user_data_base64": null,
            "user_data_replace_on_change": false,
            "volume_tags": null,
            "vpc_security_group_ids": [
              "sg-09a9f276f3a54d4fc"
            ]
          },
          "sensitive_attributes": [],
          "identity_schema_version": 0,
          "private": "eyJlMmJmYjczMC1lY2FhLTExZTYtOGY4OC0zNDM2M2JjN2M0YzAiOnsiY3JlYXRlIjo2MDAwMDAwMDAwMDAsImRlbGV0ZSI6MTIwMDAwMDAwMDAwMCwicmVhZCI6OTAwMDAwMDAwMDAwLCJ1cGRhdGUiOjYwMDAwMDAwMDAwMH0sInNjaGVtYV92ZXJzaW9uIjoiMSJ9",
          "dependencies": [
            "aws_key_pair.terraform_key",
            "aws_security_group.devops_sg",
            "data.aws_vpc.default",
            "tls_private_key.ssh_key"
          ]
        }
      ]
    },
    {
      "mode": "managed",
      "type": "aws_instance",
      "name": "worker_b",
      "provider": "provider[\"registry.terraform.io/hashicorp/aws\"]",
      "instances": [
        {
          "schema_version": 1,
          "attributes": {
            "ami": "ami-0c7217cdde317cfec",
            "arn": "arn:aws:ec2:us-east-1:203918858065:instance/i-0d8ad6e5323992703",
            "associate_public_ip_address": true,
            "availability_zone": "us-east-1a",
            "capacity_reservation_specification": [
              {
                "capacity_reservation_preference": "open",
                "capacity_reservation_target": []
              }
            ],
            "cpu_core_count": 1,
            "cpu_options": [
              {
                "amd_sev_snp": "",
                "core_count": 1,
                "threads_per_core": 1
              }
            ],
            "cpu_threads_per_core": 1,
            "credit_specification": [
              {
                "cpu_credits": "standard"
              }
            ],
            "disable_api_stop": false,
            "disable_api_termination": false,
            "ebs_block_device": [],
            "ebs_optimized": false,
            "enable_primary_ipv6": null,
            "enclave_options": [
              {
                "enabled": false
              }
            ],
            "ephemeral_block_device": [],
            "get_password_data": false,
            "hibernation": false,
            "host_id": "",
            "host_resource_group_arn": null,
            "iam_instance_profile": "",
            "id": "i-0d8ad6e5323992703",
            "instance_initiated_shutdown_behavior": "stop",
            "instance_lifecycle": "",
            "instance_market_options": [],
            "instance_state": "running",
            "instance_type": "t2.micro",
            "ipv6_address_count": 0,
            "ipv6_addresses": [],
            "key_name": "terraform-key",
            "launch_template": [],
            "maintenance_options": [
              {
                "auto_recovery": "default"
              }
            ],
            "metadata_options": [
              {
                "http_endpoint": "enabled",
                "http_protocol_ipv6": "disabled",
                "http_put_response_hop_limit": 1,
                "http_tokens": "optional",
                "instance_metadata_tags": "disabled"
              }
            ],
            "monitoring": false,
            "network_interface": [],
            "outpost_arn": "",
            "password_data": "",
            "placement_group": "",
            "placement_partition_number": 0,
            "primary_network_interface_id": "eni-01d6e10883d22e360",
            "private_dns": "ip-172-31-22-227.ec2.internal",
            "private_dns_name_options": [
              {
                "enable_resource_name_dns_a_record": false,
                "enable_resource_name_dns_aaaa_record": false,
                "hostname_type": "ip-name"
              }
            ],
            "private_ip": "172.31.22.227",
            "public_dns": "ec2-54-242-232-143.compute-1.amazonaws.com",
            "public_ip": "54.242.232.143",
            "root_block_device": [
              {
                "delete_on_termination": true,
                "device_name": "/dev/sda1",
                "encrypted": false,
                "iops": 100,
                "kms_key_id": "",
                "tags": {},
                "tags_all": {},
                "throughput": 0,
                "volume_id": "vol-0f6f959aa54c86441",
                "volume_size": 8,
                "volume_type": "gp2"
              }
            ],
            "secondary_private_ips": [],
            "security_groups": [
              "devops-sg"
            ],
            "source_dest_check": true,
            "spot_instance_request_id": "",
            "subnet_id": "subnet-06db2ff0a87c083a9",
            "tags": {
              "Name": "Swarm-Worker-B"
            },
            "tags_all": {
              "Name": "Swarm-Worker-B"
            },
            "tenancy": "default",
            "timeouts": null,
            "user_data": null,
            "user_data_base64": null,
            "user_data_replace_on_change": false,
            "volume_tags": null,
            "vpc_security_group_ids": [
              "sg-09a9f276f3a54d4fc"
            ]
          },
          "sensitive_attributes": [],
          "identity_schema_version": 0,
          "private": "eyJlMmJmYjczMC1lY2FhLTExZTYtOGY4OC0zNDM2M2JjN2M0YzAiOnsiY3JlYXRlIjo2MDAwMDAwMDAwMDAsImRlbGV0ZSI6MTIwMDAwMDAwMDAwMCwicmVhZCI6OTAwMDAwMDAwMDAwLCJ1cGRhdGUiOjYwMDAwMDAwMDAwMH0sInNjaGVtYV92ZXJzaW9uIjoiMSJ9",
          "dependencies": [
            "aws_key_pair.terraform_key",
            "aws_security_group.devops_sg",
            "data.aws_vpc.default",
            "tls_private_key.ssh_key"
          ]
        }
      ]
    },
    {
      "mode": "managed",
      "type": "aws_key_pair",
      "name": "terraform_key",
      "provider": "provider[\"registry.terraform.io/hashicorp/aws\"]",
      "instances": [
        {
          "schema_version": 1,
          "attributes": {
            "arn": "arn:aws:ec2:us-east-1:203918858065:key-pair/terraform-key",
            "fingerprint": "dd:f2:ab:46:5f:97:43:f8:e2:32:64:74:79:f5:ef:34",
            "id": "terraform-key",
            "key_name": "terraform-key",
            "key_name_prefix": "",
            "key_pair_id": "key-079f244f0962c7cde",
            "key_type": "rsa",
            "public_key": "ssh-rsa AAAAB3NzaC1yc2EAAAADAQABAAACAQDUZP6SZ2mXZgYfsR2+5+sexitQU7j6mAsqpDonLFwbE99zNaWhcKI2kp6LfiQB4YsgRyG+8DJtxjMgL9WGfjrs/lsqoBQaHjttx3hsV/1r9trMgGmLjSi3x1wh1tdpNNoT8dt0lAYf9VcrXAdWlt5I65kp4XUKu0zg+lSpZYWC2Pyjkanzg4+kLmZsovm25KPff29jruzCCvGwbJJkiHHWMzgeYLrvbDxdkdyYY0FWjwtpRN/+R6x6jhNoTjFG66J6xppyoFnguxwFMAycCDnUK/GUz0eAZ3y37FyPBUypQIS1Kc7mgpOnXFHeqUGfrzpmajEQtuUC70UmfTYfMI99oNmo4QQKQ04fyBYfjJsoog35AEEqlB/zluBeaDiIN2XOsqbzihuOy394VWcx+3QOAmtUr95F+Q+pV8zbgjhygMi2LM2hJi9qJAh7BQmcYXORTIXcjx2hHIRT6eOJ2+TpnrRY6xFlVqnG+jPDBVXN0ea8B6MuQ/ER5LBoqX935Sp3R73CDXJe7B7tsq4zzLOBzQTRzUND3UXwjzROSGUp9EJpXza+wkyNyyztqyx2zR5abgejbWG604ki+Zf8FieAjFQQfZD6G6z81L5kC840XbAxokYr5/Yx2e4C9H5pMAN2AZb1EgMgjWguUjWpcdqSc+9j47w18Oss8Yw86/pb0w==",
            "tags": null,
            "tags_all": {}
          },
          "sensitive_attributes": [],
          "identity_schema_version": 0,
          "private": "eyJzY2hlbWFfdmVyc2lvbiI6IjEifQ==",
          "dependencies": [
            "tls_private_key.ssh_key"
          ]
        }
      ]
    },
    {
      "mode": "managed",
      "type": "aws_security_group",
      "name": "devops_sg",
      "provider": "provider[\"registry.terraform.io/hashicorp/aws\"]",
      "instances": [
        {
          "schema_version": 1,
          "attributes": {
            "arn": "arn:aws:ec2:us-east-1:203918858065:security-group/sg-09a9f276f3a54d4fc",
            "description": "Allow SSH, HTTP, HTTPS",
            "egress": [
              {
                "cidr_blocks": [
                  "0.0.0.0/0"
                ],
                "description": "",
                "from_port": 0,
                "ipv6_cidr_blocks": [],
                "prefix_list_ids": [],
                "protocol": "-1",
                "security_groups": [],
                "self": false,
                "to_port": 0
              }
            ],
            "id": "sg-09a9f276f3a54d4fc",
            "ingress": [
              {
                "cidr_blocks": [
                  "0.0.0.0/0"
                ],
                "description": "HTTP",
                "from_port": 80,
                "ipv6_cidr_blocks": [],
                "prefix_list_ids": [],
                "protocol": "tcp",
                "security_groups": [],
                "self": false,
                "to_port": 80
              },
              {
                "cidr_blocks": [
                  "0.0.0.0/0"
                ],
                "description": "HTTPS",
                "from_port": 443,
                "ipv6_cidr_blocks": [],
                "prefix_list_ids": [],
                "protocol": "tcp",
                "security_groups": [],
                "self": false,
                "to_port": 443
              },
              {
                "cidr_blocks": [
                  "0.0.0.0/0"
                ],
                "description": "SSH",
                "from_port": 22,
                "ipv6_cidr_blocks": [],
                "prefix_list_ids": [],
                "protocol": "tcp",
                "security_groups": [],
                "self": false,
                "to_port": 22
              }
            ],
            "name": "devops-sg",
            "name_prefix": "",
            "owner_id": "203918858065",
            "revoke_rules_on_delete": false,
            "tags": null,
            "tags_all": {},
            "timeouts": null,
            "vpc_id": "vpc-02f5e00991ede8726"
          },
          "sensitive_attributes": [],
          "identity_schema_version": 0,
          "private": "eyJlMmJmYjczMC1lY2FhLTExZTYtOGY4OC0zNDM2M2JjN2M0YzAiOnsiY3JlYXRlIjo2MDAwMDAwMDAwMDAsImRlbGV0ZSI6OTAwMDAwMDAwMDAwfSwic2NoZW1hX3ZlcnNpb24iOiIxIn0=",
          "dependencies": [
            "data.aws_vpc.default"
          ]
        }
      ]
    },
    {
      "mode": "managed",
      "type": "local_file",
      "name": "private_key_pem",
      "provider": "provider[\"registry.terraform.io/hashicorp/local\"]",
      "instances": [
        {
          "schema_version": 0,
          "attributes": {
            "content": "-----BEGIN RSA PRIVATE KEY-----\nMIIJJwIBAAKCAgEA1GT+kmdpl2YGH7EdvufrHsYrUFO4+pgLKqQ6JyxcGxPfczWl\noXCiNpKei34kAeGLIEchvvAybcYzIC/Vhn467P5bKqAUGh47bcd4bFf9a/bazIBp\ni40ot8dcIdbXaTTaE/HbdJQGH/VXK1wHVpbeSOuZKeF1CrtM4PpUqWWFgtj8o5Gp\n84OPpC5mbKL5tuSj339vY67swgrxsGySZIhx1jM4HmC672w8XZHcmGNBVo8LaUTf\n/keseo4TaE4xRuuiesaacqBZ4LscBTAMnAg51CvxlM9HgGd8t+xcjwVMqUCEtSnO\n5oKTp1xR3qlBn686ZmoxELblAu9FJn02HzCPfaDZqOEECkNOH8gWH4ybKKIN+QBB\nKpQf85bgXmg4iDdlzrKm84objst/eFVnMft0DgJrVK/eRfkPqVfM24I4coDItizN\noSYvaiQIewUJnGFzkUyF3I8doRyEU+njidvk6Z60WOsRZVapxvozwwVVzdHmvAej\nLkPxEeSwaKl/d+Uqd0e9wg1yXuwe7bKuM8yzgc0E0c1DQ91F8I80TkhlKfRCaV82\nvsJMjcss7assds0eWm4Ho21hutOJIvmX/BYngIxUEH2Q+hus/NS+ZAvONF2wMaJG\nK+f2MdnuAvR+aTADdgGW9RIDII1oLlI1qXHaknPvY+O8NfDrLPGMPOv6W9MCAwEA\nAQKCAgAfg4yyNF3adOzbru/273pXapfqp0F/DSg6/3sRbOeNrPkuovscZRXsevzD\nPcgh71ExTNyY9BLHbu0PDYnlFr2vhF4KiQ3ygiHXPA2GJdgYONxmE3eVmTA9dHsb\nGkGD/q+M3gnt1jjCbSit6k28b040C6ECMc2n9fqGNx5ws/uHWqLBsk9BLngVqDzS\nSaw7ktktxD7Gz6GZeP47ayCdghFB8v+Uok2aULj0OTw98Bw1t6u9xtZlaEUTOhlv\nFIsDNts41Fb+QwSS77BMpMB6Nk4+SPbjWY4GY1SCBbQGFIc3ZbdLGhT05tL5thz/\nqKVwCBPmNkNpc3mvYckk2Nc68X2YpNYdBv7TxvKFNBAj2RjCrDTPJaAQ5qmMwNLi\ngMfpYxvfFnq6mTI+A/FZiNP9fSuzvCklCS3NK/VTeWxCQMBc0x+iJNXGSFssDRSQ\nP1egbxq9N/F7e0CWqNsxavL8z0JLNvohw+qBixjzJaZYrLRp6Aa491NTpkNBpruP\nXMWEBYQpidoEDPvred0AqNkdoIfLSTqSSHA6gCj1NTRxPJ4o+765yvRGtEjWqzZE\n9lXO8/cbd0gXZfLmWdfGHKq/ouaUsOUMSWmNsRpmHGM1ZOeaJMnJwpvqWzZf6QyF\nIKvmd+E7m8jbRTclnYDWiRiytwHcEZhCbfD/P/AQwu1K3ZfA4QKCAQEA/0YNo0qM\ne07nRsr5T/MTaEkA0NwX7gLxR6MN91ksQA4AQpu2vLWuCte/POn5tl/oja1GqqPl\nyRFexP1Oh4j9QLgBh/SXAj/2XyYOKBCy/7EpnEj0eIHheqU6cPGrAzQmkSYz4cFs\nbkEyIIohvpzD5U/LxaWuckn8saOMZ+RhncEWv+WyjMi+g31W5a1tq72Ha9S/zQhE\n7uWIDVBEmmID0bxcW693RhCkGCOHyRc+OkfiLZA6ATSoG4YSCH/F2KuB3w9vaXCK\nYZjpnLFBWA+OWS/701hDiChEiJSJMXL8v044ohhgPkF+7v0/gR1mNKKyD8ysZEeQ\nIXQ0RFBbYJqt/QKCAQEA1P+1AxKc570wif+loAzDD6kUjcUmsMpA54Wtb3CgBRrh\npZjYqGnLh0elB7SMzOSGIYbyr1QdKo6Ten3yXN4ROP9m6lorJoeb/VADqhzTuN6e\nYI4c7sz7TZPZz5nyKefFpvOJBgpufjGoXmosnybN/kO4ZDUF1Q0ghShKSvR4qSGV\nPHTP0Ynq0D17RF+x+M06seivdcqpaX59aAwYZQ0BcCRkKc42TjomdblBU2zNUy2t\nr0KwIoGgViBXsjQ3JP6w3oF3GhSqav2qXZxpJi/Fz1KmlMGMW/5/E7vhPyyDMTdO\ngt18w0PSJeHtm4OTLKuHABX5XJ1DvtgmnekQHoXyDwKCAQB/dagLl4aLbztVgrV3\ncQSItqLcpnigVAHLZiPsFC9fEF6a44sbsI9lRJJtRNp1cG/6hcFaJJnwimbKbzxN\nul3Rec7x5nOcIPnQSn0ZDjWCLCB9s4O1xAwko+mJSXG9GMYFBZE0MNMGPjFcQ/xT\nY40Aq5YwauiukjjFLcdGfKctEKNeT7+WQgm2N9gyuCShcvHyKnlWU8GvkxYap7CJ\ncVU83RM0iGlCp753ew4qnxtoGEpbu77qqTMjAw9wBPRxmjkvelKD0DiYQLSsk2jw\nIlxONgJEZbbaflix5ZCXCzYeA12NuiQcEbHifLq/qkFFGNNVxjlxnLXfrlkGnyTx\nGGq1AoIBAFv61KMwDXvxch2VvWNBP5bqsAqMwamEncSdMIk4PJIXyqulNqJ7lT2l\nDbonGMp+QQIHcZOPIk03Zq515wx9hTh06m93YrzvwMgCHqL+cduanxAZLptc/4S/\nvUZuN2orQWpYLqriJFbwgMHM3doYeso7WkxDrXIUih+Wh4aYzeZTr0t9MiVNho5I\njou3O3aywY8EaYjXbJM24VbmKj6xABb6UBrRhxf++o7J4lDxYjVyO1e816z/B0tK\nCjTVYZ7jMWPUyqcDl5g+VKy6F5o69RQToAYLEt7DJwNRlfKe+URumsPee7si9YQQ\nbXhDuHGI3PKHiriY3SFz3DFC7QgRVbcCggEAB8mBHZGW+pTsY/9xcKZ8J7HiQ9Lh\n1/pSP3FuQBEHWGsyB6EWFG2c7+5O8Uoj3sIUSshpG1d8Z37ljDRPFlN26cgGx8Az\nd2J4jVOo7Db/cF0EspZ+klzlQylGi75OoeLPwJTL3B+ZA3EkkibYr6hgZtOPa0NK\na9xGBV+1bAswOEsWkdTBOK0zbunEbM/PdwFGzUyqdeasP/nO9PQbvtA0Wsl3OwYM\nMFe79nMAkBCeqOPKpkVJ1GZw/ay/MpJ/Kqn/VVCwPk83rjhsHQjFgvFYF1I6OzWY\nfNVMptmcAN/vhM/0bGtC5lFiLJciFH02w8IPzjuXCuFi7ir11wri2lg2Sw==\n-----END RSA PRIVATE KEY-----\n",
            "content_base64": null,
            "content_base64sha256": "4EEpmVqUj0B4Uqyx0oZKAMEiFSO7S0DNwX5hXvpdj/0=",
            "content_base64sha512": "TUUnOYdMwHgXBw2OKDz57/vGEtONglGRFTTvghgGXmhrdnegMrXRXgALYvVo0BberN159Ii9uCfHDxQwkMf+Jw==",
            "content_md5": "77a385b49a85684ee481f36ab04b069b",
            "content_sha1": "f437ee514e22be92bbb14346db13ad4cf2e9b477",
            "content_sha256": "e04129995a948f407852acb1d2864a00c1221523bb4b40cdc17e615efa5d8ffd",
            "content_sha512": "4d452739874cc07817070d8e283cf9effbc612d38d8251911534ef8218065e686b7677a032b5d15e000b62f568d016deacdd79f488bdb827c70f143090c7fe27",
            "directory_permission": "0777",
            "file_permission": "0400",
            "filename": "./terraform-key.pem",
            "id": "f437ee514e22be92bbb14346db13ad4cf2e9b477",
            "sensitive_content": null,
            "source": null
          },
          "sensitive_attributes": [
            [
              {
                "type": "get_attr",
                "value": "content"
              }
            ],
            [
              {
                "type": "get_attr",
                "value": "sensitive_content"
              }
            ]
          ],
          "identity_schema_version": 0,
          "dependencies": [
            "tls_private_key.ssh_key"
          ]
        }
      ]
    },
    {
      "mode": "managed",
      "type": "tls_private_key",
      "name": "ssh_key",
      "provider": "provider[\"registry.terraform.io/hashicorp/tls\"]",
      "instances": [
        {
          "schema_version": 1,
          "attributes": {
            "algorithm": "RSA",
            "ecdsa_curve": "P224",
            "id": "1e31a085d38f085481cba008910fb1102ec1813b",
            "private_key_openssh": "-----BEGIN OPENSSH PRIVATE KEY-----\nb3BlbnNzaC1rZXktdjEAAAAABG5vbmUAAAAEbm9uZQAAAAAAAAABAAACFwAAAAdz\nc2gtcnNhAAAAAwEAAQAAAgEA1GT+kmdpl2YGH7EdvufrHsYrUFO4+pgLKqQ6Jyxc\nGxPfczWloXCiNpKei34kAeGLIEchvvAybcYzIC/Vhn467P5bKqAUGh47bcd4bFf9\na/bazIBpi40ot8dcIdbXaTTaE/HbdJQGH/VXK1wHVpbeSOuZKeF1CrtM4PpUqWWF\ngtj8o5Gp84OPpC5mbKL5tuSj339vY67swgrxsGySZIhx1jM4HmC672w8XZHcmGNB\nVo8LaUTf/keseo4TaE4xRuuiesaacqBZ4LscBTAMnAg51CvxlM9HgGd8t+xcjwVM\nqUCEtSnO5oKTp1xR3qlBn686ZmoxELblAu9FJn02HzCPfaDZqOEECkNOH8gWH4yb\nKKIN+QBBKpQf85bgXmg4iDdlzrKm84objst/eFVnMft0DgJrVK/eRfkPqVfM24I4\ncoDItizNoSYvaiQIewUJnGFzkUyF3I8doRyEU+njidvk6Z60WOsRZVapxvozwwVV\nzdHmvAejLkPxEeSwaKl/d+Uqd0e9wg1yXuwe7bKuM8yzgc0E0c1DQ91F8I80Tkhl\nKfRCaV82vsJMjcss7assds0eWm4Ho21hutOJIvmX/BYngIxUEH2Q+hus/NS+ZAvO\nNF2wMaJGK+f2MdnuAvR+aTADdgGW9RIDII1oLlI1qXHaknPvY+O8NfDrLPGMPOv6\nW9MAAAc4z2x2Is9sdiIAAAAHc3NoLXJzYQAAAgEA1GT+kmdpl2YGH7EdvufrHsYr\nUFO4+pgLKqQ6JyxcGxPfczWloXCiNpKei34kAeGLIEchvvAybcYzIC/Vhn467P5b\nKqAUGh47bcd4bFf9a/bazIBpi40ot8dcIdbXaTTaE/HbdJQGH/VXK1wHVpbeSOuZ\nKeF1CrtM4PpUqWWFgtj8o5Gp84OPpC5mbKL5tuSj339vY67swgrxsGySZIhx1jM4\nHmC672w8XZHcmGNBVo8LaUTf/keseo4TaE4xRuuiesaacqBZ4LscBTAMnAg51Cvx\nlM9HgGd8t+xcjwVMqUCEtSnO5oKTp1xR3qlBn686ZmoxELblAu9FJn02HzCPfaDZ\nqOEECkNOH8gWH4ybKKIN+QBBKpQf85bgXmg4iDdlzrKm84objst/eFVnMft0DgJr\nVK/eRfkPqVfM24I4coDItizNoSYvaiQIewUJnGFzkUyF3I8doRyEU+njidvk6Z60\nWOsRZVapxvozwwVVzdHmvAejLkPxEeSwaKl/d+Uqd0e9wg1yXuwe7bKuM8yzgc0E\n0c1DQ91F8I80TkhlKfRCaV82vsJMjcss7assds0eWm4Ho21hutOJIvmX/BYngIxU\nEH2Q+hus/NS+ZAvONF2wMaJGK+f2MdnuAvR+aTADdgGW9RIDII1oLlI1qXHaknPv\nY+O8NfDrLPGMPOv6W9MAAAADAQABAAACAB+DjLI0Xdp07Nuu7/bveldql+qnQX8N\nKDr/exFs542s+S6i+xxlFex6/MM9yCHvUTFM3Jj0Esdu7Q8NieUWva+EXgqJDfKC\nIdc8DYYl2Bg43GYTd5WZMD10exsaQYP+r4zeCe3WOMJtKK3qTbxvTjQLoQIxzaf1\n+oY3HnCz+4daosGyT0EueBWoPNJJrDuS2S3EPsbPoZl4/jtrIJ2CEUHy/5SiTZpQ\nuPQ5PD3wHDW3q73G1mVoRRM6GW8UiwM22zjUVv5DBJLvsEykwHo2Tj5I9uNZjgZj\nVIIFtAYUhzdlt0saFPTm0vm2HP+opXAIE+Y2Q2lzea9hySTY1zrxfZik1h0G/tPG\n8oU0ECPZGMKsNM8loBDmqYzA0uKAx+ljG98WerqZMj4D8VmI0/19K7O8KSUJLc0r\n9VN5bEJAwFzTH6Ik1cZIWywNFJA/V6BvGr038Xt7QJao2zFq8vzPQks2+iHD6oGL\nGPMlplistGnoBrj3U1OmQ0Gmu49cxYQFhCmJ2gQM++t53QCo2R2gh8tJOpJIcDqA\nKPU1NHE8nij7vrnK9Ea0SNarNkT2Vc7z9xt3SBdl8uZZ18Ycqr+i5pSw5QxJaY2x\nGmYcYzVk55okycnCm+pbNl/pDIUgq+Z34TubyNtFNyWdgNaJGLK3AdwRmEJt8P8/\n8BDC7Urdl8DhAAABAAfJgR2RlvqU7GP/cXCmfCex4kPS4df6Uj9xbkARB1hrMgeh\nFhRtnO/uTvFKI97CFErIaRtXfGd+5Yw0TxZTdunIBsfAM3dieI1TqOw2/3BdBLKW\nfpJc5UMpRou+TqHiz8CUy9wfmQNxJJIm2K+oYGbTj2tDSmvcRgVftWwLMDhLFpHU\nwTitM27pxGzPz3cBRs1MqnXmrD/5zvT0G77QNFrJdzsGDDBXu/ZzAJAQnqjjyqZF\nSdRmcP2svzKSfyqp/1VQsD5PN644bB0IxYLxWBdSOjs1mHzVTKbZnADf74TP9Gxr\nQuZRYiyXIhR9NsPCD847lwrhYu4q9dcK4tpYNksAAAEBAP9GDaNKjHtO50bK+U/z\nE2hJANDcF+4C8UejDfdZLEAOAEKbtry1rgrXvzzp+bZf6I2tRqqj5ckRXsT9ToeI\n/UC4AYf0lwI/9l8mDigQsv+xKZxI9HiB4XqlOnDxqwM0JpEmM+HBbG5BMiCKIb6c\nw+VPy8WlrnJJ/LGjjGfkYZ3BFr/lsozIvoN9VuWtbau9h2vUv80IRO7liA1QRJpi\nA9G8XFuvd0YQpBgjh8kXPjpH4i2QOgE0qBuGEgh/xdirgd8Pb2lwimGY6ZyxQVgP\njlkv+9NYQ4goRIiUiTFy/L9OOKIYYD5Bfu79P4EdZjSisg/MrGRHkCF0NERQW2Ca\nrf0AAAEBANT/tQMSnOe9MIn/paAMww+pFI3FJrDKQOeFrW9woAUa4aWY2Khpy4dH\npQe0jMzkhiGG8q9UHSqOk3p98lzeETj/ZupaKyaHm/1QA6oc07jenmCOHO7M+02T\n2c+Z8innxabziQYKbn4xqF5qLJ8mzf5DuGQ1BdUNIIUoSkr0eKkhlTx0z9GJ6tA9\ne0RfsfjNOrHor3XKqWl+fWgMGGUNAXAkZCnONk46JnW5QVNszVMtra9CsCKBoFYg\nV7I0NyT+sN6BdxoUqmr9ql2caSYvxc9SppTBjFv+fxO74T8sgzE3ToLdfMND0iXh\n7ZuDkyyrhwAV+VydQ77YJp3pEB6F8g8AAAAAAQID\n-----END OPENSSH PRIVATE KEY-----\n",
            "private_key_pem": "-----BEGIN RSA PRIVATE KEY-----\nMIIJJwIBAAKCAgEA1GT+kmdpl2YGH7EdvufrHsYrUFO4+pgLKqQ6JyxcGxPfczWl\noXCiNpKei34kAeGLIEchvvAybcYzIC/Vhn467P5bKqAUGh47bcd4bFf9a/bazIBp\ni40ot8dcIdbXaTTaE/HbdJQGH/VXK1wHVpbeSOuZKeF1CrtM4PpUqWWFgtj8o5Gp\n84OPpC5mbKL5tuSj339vY67swgrxsGySZIhx1jM4HmC672w8XZHcmGNBVo8LaUTf\n/keseo4TaE4xRuuiesaacqBZ4LscBTAMnAg51CvxlM9HgGd8t+xcjwVMqUCEtSnO\n5oKTp1xR3qlBn686ZmoxELblAu9FJn02HzCPfaDZqOEECkNOH8gWH4ybKKIN+QBB\nKpQf85bgXmg4iDdlzrKm84objst/eFVnMft0DgJrVK/eRfkPqVfM24I4coDItizN\noSYvaiQIewUJnGFzkUyF3I8doRyEU+njidvk6Z60WOsRZVapxvozwwVVzdHmvAej\nLkPxEeSwaKl/d+Uqd0e9wg1yXuwe7bKuM8yzgc0E0c1DQ91F8I80TkhlKfRCaV82\nvsJMjcss7assds0eWm4Ho21hutOJIvmX/BYngIxUEH2Q+hus/NS+ZAvONF2wMaJG\nK+f2MdnuAvR+aTADdgGW9RIDII1oLlI1qXHaknPvY+O8NfDrLPGMPOv6W9MCAwEA\nAQKCAgAfg4yyNF3adOzbru/273pXapfqp0F/DSg6/3sRbOeNrPkuovscZRXsevzD\nPcgh71ExTNyY9BLHbu0PDYnlFr2vhF4KiQ3ygiHXPA2GJdgYONxmE3eVmTA9dHsb\nGkGD/q+M3gnt1jjCbSit6k28b040C6ECMc2n9fqGNx5ws/uHWqLBsk9BLngVqDzS\nSaw7ktktxD7Gz6GZeP47ayCdghFB8v+Uok2aULj0OTw98Bw1t6u9xtZlaEUTOhlv\nFIsDNts41Fb+QwSS77BMpMB6Nk4+SPbjWY4GY1SCBbQGFIc3ZbdLGhT05tL5thz/\nqKVwCBPmNkNpc3mvYckk2Nc68X2YpNYdBv7TxvKFNBAj2RjCrDTPJaAQ5qmMwNLi\ngMfpYxvfFnq6mTI+A/FZiNP9fSuzvCklCS3NK/VTeWxCQMBc0x+iJNXGSFssDRSQ\nP1egbxq9N/F7e0CWqNsxavL8z0JLNvohw+qBixjzJaZYrLRp6Aa491NTpkNBpruP\nXMWEBYQpidoEDPvred0AqNkdoIfLSTqSSHA6gCj1NTRxPJ4o+765yvRGtEjWqzZE\n9lXO8/cbd0gXZfLmWdfGHKq/ouaUsOUMSWmNsRpmHGM1ZOeaJMnJwpvqWzZf6QyF\nIKvmd+E7m8jbRTclnYDWiRiytwHcEZhCbfD/P/AQwu1K3ZfA4QKCAQEA/0YNo0qM\ne07nRsr5T/MTaEkA0NwX7gLxR6MN91ksQA4AQpu2vLWuCte/POn5tl/oja1GqqPl\nyRFexP1Oh4j9QLgBh/SXAj/2XyYOKBCy/7EpnEj0eIHheqU6cPGrAzQmkSYz4cFs\nbkEyIIohvpzD5U/LxaWuckn8saOMZ+RhncEWv+WyjMi+g31W5a1tq72Ha9S/zQhE\n7uWIDVBEmmID0bxcW693RhCkGCOHyRc+OkfiLZA6ATSoG4YSCH/F2KuB3w9vaXCK\nYZjpnLFBWA+OWS/701hDiChEiJSJMXL8v044ohhgPkF+7v0/gR1mNKKyD8ysZEeQ\nIXQ0RFBbYJqt/QKCAQEA1P+1AxKc570wif+loAzDD6kUjcUmsMpA54Wtb3CgBRrh\npZjYqGnLh0elB7SMzOSGIYbyr1QdKo6Ten3yXN4ROP9m6lorJoeb/VADqhzTuN6e\nYI4c7sz7TZPZz5nyKefFpvOJBgpufjGoXmosnybN/kO4ZDUF1Q0ghShKSvR4qSGV\nPHTP0Ynq0D17RF+x+M06seivdcqpaX59aAwYZQ0BcCRkKc42TjomdblBU2zNUy2t\nr0KwIoGgViBXsjQ3JP6w3oF3GhSqav2qXZxpJi/Fz1KmlMGMW/5/E7vhPyyDMTdO\ngt18w0PSJeHtm4OTLKuHABX5XJ1DvtgmnekQHoXyDwKCAQB/dagLl4aLbztVgrV3\ncQSItqLcpnigVAHLZiPsFC9fEF6a44sbsI9lRJJtRNp1cG/6hcFaJJnwimbKbzxN\nul3Rec7x5nOcIPnQSn0ZDjWCLCB9s4O1xAwko+mJSXG9GMYFBZE0MNMGPjFcQ/xT\nY40Aq5YwauiukjjFLcdGfKctEKNeT7+WQgm2N9gyuCShcvHyKnlWU8GvkxYap7CJ\ncVU83RM0iGlCp753ew4qnxtoGEpbu77qqTMjAw9wBPRxmjkvelKD0DiYQLSsk2jw\nIlxONgJEZbbaflix5ZCXCzYeA12NuiQcEbHifLq/qkFFGNNVxjlxnLXfrlkGnyTx\nGGq1AoIBAFv61KMwDXvxch2VvWNBP5bqsAqMwamEncSdMIk4PJIXyqulNqJ7lT2l\nDbonGMp+QQIHcZOPIk03Zq515wx9hTh06m93YrzvwMgCHqL+cduanxAZLptc/4S/\nvUZuN2orQWpYLqriJFbwgMHM3doYeso7WkxDrXIUih+Wh4aYzeZTr0t9MiVNho5I\njou3O3aywY8EaYjXbJM24VbmKj6xABb6UBrRhxf++o7J4lDxYjVyO1e816z/B0tK\nCjTVYZ7jMWPUyqcDl5g+VKy6F5o69RQToAYLEt7DJwNRlfKe+URumsPee7si9YQQ\nbXhDuHGI3PKHiriY3SFz3DFC7QgRVbcCggEAB8mBHZGW+pTsY/9xcKZ8J7HiQ9Lh\n1/pSP3FuQBEHWGsyB6EWFG2c7+5O8Uoj3sIUSshpG1d8Z37ljDRPFlN26cgGx8Az\nd2J4jVOo7Db/cF0EspZ+klzlQylGi75OoeLPwJTL3B+ZA3EkkibYr6hgZtOPa0NK\na9xGBV+1bAswOEsWkdTBOK0zbunEbM/PdwFGzUyqdeasP/nO9PQbvtA0Wsl3OwYM\nMFe79nMAkBCeqOPKpkVJ1GZw/ay/MpJ/Kqn/VVCwPk83rjhsHQjFgvFYF1I6OzWY\nfNVMptmcAN/vhM/0bGtC5lFiLJciFH02w8IPzjuXCuFi7ir11wri2lg2Sw==\n-----END RSA PRIVATE KEY-----\n",
            "private_key_pem_pkcs8": "-----BEGIN PRIVATE KEY-----\nMIIJQQIBADANBgkqhkiG9w0BAQEFAASCCSswggknAgEAAoICAQDUZP6SZ2mXZgYf\nsR2+5+sexitQU7j6mAsqpDonLFwbE99zNaWhcKI2kp6LfiQB4YsgRyG+8DJtxjMg\nL9WGfjrs/lsqoBQaHjttx3hsV/1r9trMgGmLjSi3x1wh1tdpNNoT8dt0lAYf9Vcr\nXAdWlt5I65kp4XUKu0zg+lSpZYWC2Pyjkanzg4+kLmZsovm25KPff29jruzCCvGw\nbJJkiHHWMzgeYLrvbDxdkdyYY0FWjwtpRN/+R6x6jhNoTjFG66J6xppyoFnguxwF\nMAycCDnUK/GUz0eAZ3y37FyPBUypQIS1Kc7mgpOnXFHeqUGfrzpmajEQtuUC70Um\nfTYfMI99oNmo4QQKQ04fyBYfjJsoog35AEEqlB/zluBeaDiIN2XOsqbzihuOy394\nVWcx+3QOAmtUr95F+Q+pV8zbgjhygMi2LM2hJi9qJAh7BQmcYXORTIXcjx2hHIRT\n6eOJ2+TpnrRY6xFlVqnG+jPDBVXN0ea8B6MuQ/ER5LBoqX935Sp3R73CDXJe7B7t\nsq4zzLOBzQTRzUND3UXwjzROSGUp9EJpXza+wkyNyyztqyx2zR5abgejbWG604ki\n+Zf8FieAjFQQfZD6G6z81L5kC840XbAxokYr5/Yx2e4C9H5pMAN2AZb1EgMgjWgu\nUjWpcdqSc+9j47w18Oss8Yw86/pb0wIDAQABAoICAB+DjLI0Xdp07Nuu7/bveldq\nl+qnQX8NKDr/exFs542s+S6i+xxlFex6/MM9yCHvUTFM3Jj0Esdu7Q8NieUWva+E\nXgqJDfKCIdc8DYYl2Bg43GYTd5WZMD10exsaQYP+r4zeCe3WOMJtKK3qTbxvTjQL\noQIxzaf1+oY3HnCz+4daosGyT0EueBWoPNJJrDuS2S3EPsbPoZl4/jtrIJ2CEUHy\n/5SiTZpQuPQ5PD3wHDW3q73G1mVoRRM6GW8UiwM22zjUVv5DBJLvsEykwHo2Tj5I\n9uNZjgZjVIIFtAYUhzdlt0saFPTm0vm2HP+opXAIE+Y2Q2lzea9hySTY1zrxfZik\n1h0G/tPG8oU0ECPZGMKsNM8loBDmqYzA0uKAx+ljG98WerqZMj4D8VmI0/19K7O8\nKSUJLc0r9VN5bEJAwFzTH6Ik1cZIWywNFJA/V6BvGr038Xt7QJao2zFq8vzPQks2\n+iHD6oGLGPMlplistGnoBrj3U1OmQ0Gmu49cxYQFhCmJ2gQM++t53QCo2R2gh8tJ\nOpJIcDqAKPU1NHE8nij7vrnK9Ea0SNarNkT2Vc7z9xt3SBdl8uZZ18Ycqr+i5pSw\n5QxJaY2xGmYcYzVk55okycnCm+pbNl/pDIUgq+Z34TubyNtFNyWdgNaJGLK3AdwR\nmEJt8P8/8BDC7Urdl8DhAoIBAQD/Rg2jSox7TudGyvlP8xNoSQDQ3BfuAvFHow33\nWSxADgBCm7a8ta4K17886fm2X+iNrUaqo+XJEV7E/U6HiP1AuAGH9JcCP/ZfJg4o\nELL/sSmcSPR4geF6pTpw8asDNCaRJjPhwWxuQTIgiiG+nMPlT8vFpa5ySfyxo4xn\n5GGdwRa/5bKMyL6DfVblrW2rvYdr1L/NCETu5YgNUESaYgPRvFxbr3dGEKQYI4fJ\nFz46R+ItkDoBNKgbhhIIf8XYq4HfD29pcIphmOmcsUFYD45ZL/vTWEOIKESIlIkx\ncvy/TjiiGGA+QX7u/T+BHWY0orIPzKxkR5AhdDREUFtgmq39AoIBAQDU/7UDEpzn\nvTCJ/6WgDMMPqRSNxSawykDnha1vcKAFGuGlmNioacuHR6UHtIzM5IYhhvKvVB0q\njpN6ffJc3hE4/2bqWismh5v9UAOqHNO43p5gjhzuzPtNk9nPmfIp58Wm84kGCm5+\nMaheaiyfJs3+Q7hkNQXVDSCFKEpK9HipIZU8dM/RierQPXtEX7H4zTqx6K91yqlp\nfn1oDBhlDQFwJGQpzjZOOiZ1uUFTbM1TLa2vQrAigaBWIFeyNDck/rDegXcaFKpq\n/apdnGkmL8XPUqaUwYxb/n8Tu+E/LIMxN06C3XzDQ9Il4e2bg5Msq4cAFflcnUO+\n2Cad6RAehfIPAoIBAH91qAuXhotvO1WCtXdxBIi2otymeKBUActmI+wUL18QXprj\nixuwj2VEkm1E2nVwb/qFwVokmfCKZspvPE26XdF5zvHmc5wg+dBKfRkONYIsIH2z\ng7XEDCSj6YlJcb0YxgUFkTQw0wY+MVxD/FNjjQCrljBq6K6SOMUtx0Z8py0Qo15P\nv5ZCCbY32DK4JKFy8fIqeVZTwa+TFhqnsIlxVTzdEzSIaUKnvnd7DiqfG2gYSlu7\nvuqpMyMDD3AE9HGaOS96UoPQOJhAtKyTaPAiXE42AkRlttp+WLHlkJcLNh4DXY26\nJBwRseJ8ur+qQUUY01XGOXGctd+uWQafJPEYarUCggEAW/rUozANe/FyHZW9Y0E/\nluqwCozBqYSdxJ0wiTg8khfKq6U2onuVPaUNuicYyn5BAgdxk48iTTdmrnXnDH2F\nOHTqb3divO/AyAIeov5x25qfEBkum1z/hL+9Rm43aitBalguquIkVvCAwczd2hh6\nyjtaTEOtchSKH5aHhpjN5lOvS30yJU2GjkiOi7c7drLBjwRpiNdskzbhVuYqPrEA\nFvpQGtGHF/76jsniUPFiNXI7V7zXrP8HS0oKNNVhnuMxY9TKpwOXmD5UrLoXmjr1\nFBOgBgsS3sMnA1GV8p75RG6aw957uyL1hBBteEO4cYjc8oeKuJjdIXPcMULtCBFV\ntwKCAQAHyYEdkZb6lOxj/3FwpnwnseJD0uHX+lI/cW5AEQdYazIHoRYUbZzv7k7x\nSiPewhRKyGkbV3xnfuWMNE8WU3bpyAbHwDN3YniNU6jsNv9wXQSyln6SXOVDKUaL\nvk6h4s/AlMvcH5kDcSSSJtivqGBm049rQ0pr3EYFX7VsCzA4SxaR1ME4rTNu6cRs\nz893AUbNTKp15qw/+c709Bu+0DRayXc7BgwwV7v2cwCQEJ6o48qmRUnUZnD9rL8y\nkn8qqf9VULA+TzeuOGwdCMWC8VgXUjo7NZh81Uym2ZwA3++Ez/Rsa0LmUWIslyIU\nfTbDwg/OO5cK4WLuKvXXCuLaWDZL\n-----END PRIVATE KEY-----\n",
            "public_key_fingerprint_md5": "3c:8a:7c:c6:a6:5d:e1:e4:73:72:28:25:9b:62:4a:ba",
            "public_key_fingerprint_sha256": "SHA256:Al4xbtcYlDot51TQKV4tZULg3WsmJxDyzVfyjnhMjdo",
            "public_key_openssh": "ssh-rsa AAAAB3NzaC1yc2EAAAADAQABAAACAQDUZP6SZ2mXZgYfsR2+5+sexitQU7j6mAsqpDonLFwbE99zNaWhcKI2kp6LfiQB4YsgRyG+8DJtxjMgL9WGfjrs/lsqoBQaHjttx3hsV/1r9trMgGmLjSi3x1wh1tdpNNoT8dt0lAYf9VcrXAdWlt5I65kp4XUKu0zg+lSpZYWC2Pyjkanzg4+kLmZsovm25KPff29jruzCCvGwbJJkiHHWMzgeYLrvbDxdkdyYY0FWjwtpRN/+R6x6jhNoTjFG66J6xppyoFnguxwFMAycCDnUK/GUz0eAZ3y37FyPBUypQIS1Kc7mgpOnXFHeqUGfrzpmajEQtuUC70UmfTYfMI99oNmo4QQKQ04fyBYfjJsoog35AEEqlB/zluBeaDiIN2XOsqbzihuOy394VWcx+3QOAmtUr95F+Q+pV8zbgjhygMi2LM2hJi9qJAh7BQmcYXORTIXcjx2hHIRT6eOJ2+TpnrRY6xFlVqnG+jPDBVXN0ea8B6MuQ/ER5LBoqX935Sp3R73CDXJe7B7tsq4zzLOBzQTRzUND3UXwjzROSGUp9EJpXza+wkyNyyztqyx2zR5abgejbWG604ki+Zf8FieAjFQQfZD6G6z81L5kC840XbAxokYr5/Yx2e4C9H5pMAN2AZb1EgMgjWguUjWpcdqSc+9j47w18Oss8Yw86/pb0w==\n",
            "public_key_pem": "-----BEGIN PUBLIC KEY-----\nMIICIjANBgkqhkiG9w0BAQEFAAOCAg8AMIICCgKCAgEA1GT+kmdpl2YGH7Edvufr\nHsYrUFO4+pgLKqQ6JyxcGxPfczWloXCiNpKei34kAeGLIEchvvAybcYzIC/Vhn46\n7P5bKqAUGh47bcd4bFf9a/bazIBpi40ot8dcIdbXaTTaE/HbdJQGH/VXK1wHVpbe\nSOuZKeF1CrtM4PpUqWWFgtj8o5Gp84OPpC5mbKL5tuSj339vY67swgrxsGySZIhx\n1jM4HmC672w8XZHcmGNBVo8LaUTf/keseo4TaE4xRuuiesaacqBZ4LscBTAMnAg5\n1CvxlM9HgGd8t+xcjwVMqUCEtSnO5oKTp1xR3qlBn686ZmoxELblAu9FJn02HzCP\nfaDZqOEECkNOH8gWH4ybKKIN+QBBKpQf85bgXmg4iDdlzrKm84objst/eFVnMft0\nDgJrVK/eRfkPqVfM24I4coDItizNoSYvaiQIewUJnGFzkUyF3I8doRyEU+njidvk\n6Z60WOsRZVapxvozwwVVzdHmvAejLkPxEeSwaKl/d+Uqd0e9wg1yXuwe7bKuM8yz\ngc0E0c1DQ91F8I80TkhlKfRCaV82vsJMjcss7assds0eWm4Ho21hutOJIvmX/BYn\ngIxUEH2Q+hus/NS+ZAvONF2wMaJGK+f2MdnuAvR+aTADdgGW9RIDII1oLlI1qXHa\nknPvY+O8NfDrLPGMPOv6W9MCAwEAAQ==\n-----END PUBLIC KEY-----\n",
            "rsa_bits": 4096
          },
          "sensitive_attributes": [
            [
              {
                "type": "get_attr",
                "value": "private_key_openssh"
              }
            ],
            [
              {
                "type": "get_attr",
                "value": "private_key_pem"
              }
            ],
            [
              {
                "type": "get_attr",
                "value": "private_key_pem_pkcs8"
              }
            ]
          ],
          "identity_schema_version": 0
        }
      ]
    }
  ],
  "check_results": null
}
