{
  "version": 4,
  "terraform_version": "1.13.4",
  "serial": 40,
  "lineage": "d5f8ad53-4f1d-b511-fee1-9cd71a802b31",
  "outputs": {
    "controller_ip": {
      "value": "98.89.125.48",
      "type": "string"
    },
    "manager_ip": {
      "value": "107.20.161.202",
      "type": "string"
    },
    "worker_a_ip": {
      "value": "98.83.15.90",
      "type": "string"
    },
    "worker_b_ip": {
      "value": "34.229.55.207",
      "type": "string"
    }
  },
  "resources": [
    {
      "mode": "managed",
      "type": "aws_eip",
      "name": "controller_eip",
      "provider": "provider[\"registry.terraform.io/hashicorp/aws\"]",
      "instances": [
        {
          "schema_version": 0,
          "attributes": {
            "address": null,
            "allocation_id": "eipalloc-09a94ac0d0e1afaec",
            "arn": "arn:aws:ec2:us-east-1:203918858065:elastic-ip/eipalloc-09a94ac0d0e1afaec",
            "associate_with_private_ip": null,
            "association_id": "eipassoc-003035d3bfece4e0a",
            "carrier_ip": "",
            "customer_owned_ip": "",
            "customer_owned_ipv4_pool": "",
            "domain": "vpc",
            "id": "eipalloc-09a94ac0d0e1afaec",
            "instance": "i-055ec8258039b2944",
            "ipam_pool_id": null,
            "network_border_group": "us-east-1",
            "network_interface": "eni-0792959f6da766744",
            "private_dns": "ip-172-31-24-240.ec2.internal",
            "private_ip": "172.31.24.240",
            "ptr_record": "",
            "public_dns": "ec2-98-89-125-48.compute-1.amazonaws.com",
            "public_ip": "98.89.125.48",
            "public_ipv4_pool": "amazon",
            "tags": null,
            "tags_all": {},
            "timeouts": null,
            "vpc": true
          },
          "sensitive_attributes": [],
          "identity_schema_version": 0,
          "private": "eyJlMmJmYjczMC1lY2FhLTExZTYtOGY4OC0zNDM2M2JjN2M0YzAiOnsiZGVsZXRlIjoxODAwMDAwMDAwMDAsInJlYWQiOjkwMDAwMDAwMDAwMCwidXBkYXRlIjozMDAwMDAwMDAwMDB9fQ==",
          "dependencies": [
            "aws_instance.controller",
            "aws_key_pair.devops_key",
            "aws_security_group.devops_sg",
            "tls_private_key.terraform_key"
          ]
        }
      ]
    },
    {
      "mode": "managed",
      "type": "aws_eip",
      "name": "manager_eip",
      "provider": "provider[\"registry.terraform.io/hashicorp/aws\"]",
      "instances": [
        {
          "schema_version": 0,
          "attributes": {
            "address": null,
            "allocation_id": "eipalloc-0f76a1705f37fa2aa",
            "arn": "arn:aws:ec2:us-east-1:203918858065:elastic-ip/eipalloc-0f76a1705f37fa2aa",
            "associate_with_private_ip": null,
            "association_id": "eipassoc-09c7282c44e9744a9",
            "carrier_ip": "",
            "customer_owned_ip": "",
            "customer_owned_ipv4_pool": "",
            "domain": "vpc",
            "id": "eipalloc-0f76a1705f37fa2aa",
            "instance": "i-0891f749052ff56fe",
            "ipam_pool_id": null,
            "network_border_group": "us-east-1",
            "network_interface": "eni-0d6a3034e58f22d7a",
            "private_dns": "ip-172-31-26-103.ec2.internal",
            "private_ip": "172.31.26.103",
            "ptr_record": "",
            "public_dns": "ec2-107-20-161-202.compute-1.amazonaws.com",
            "public_ip": "107.20.161.202",
            "public_ipv4_pool": "amazon",
            "tags": {},
            "tags_all": {},
            "timeouts": null,
            "vpc": true
          },
          "sensitive_attributes": [],
          "identity_schema_version": 0,
          "private": "eyJlMmJmYjczMC1lY2FhLTExZTYtOGY4OC0zNDM2M2JjN2M0YzAiOnsiZGVsZXRlIjoxODAwMDAwMDAwMDAsInJlYWQiOjkwMDAwMDAwMDAwMCwidXBkYXRlIjozMDAwMDAwMDAwMDB9fQ==",
          "dependencies": [
            "aws_instance.manager",
            "aws_key_pair.devops_key",
            "aws_security_group.devops_sg",
            "tls_private_key.terraform_key"
          ]
        }
      ]
    },
    {
      "mode": "managed",
      "type": "aws_eip",
      "name": "worker_a_eip",
      "provider": "provider[\"registry.terraform.io/hashicorp/aws\"]",
      "instances": [
        {
          "schema_version": 0,
          "attributes": {
            "address": null,
            "allocation_id": "eipalloc-0fa4dad3fb305b503",
            "arn": "arn:aws:ec2:us-east-1:203918858065:elastic-ip/eipalloc-0fa4dad3fb305b503",
            "associate_with_private_ip": null,
            "association_id": "eipassoc-0021e7fc34f7321d9",
            "carrier_ip": "",
            "customer_owned_ip": "",
            "customer_owned_ipv4_pool": "",
            "domain": "vpc",
            "id": "eipalloc-0fa4dad3fb305b503",
            "instance": "i-08bad516c942ac267",
            "ipam_pool_id": null,
            "network_border_group": "us-east-1",
            "network_interface": "eni-037c82ccc3c6fee4d",
            "private_dns": "ip-172-31-24-248.ec2.internal",
            "private_ip": "172.31.24.248",
            "ptr_record": "",
            "public_dns": "ec2-98-83-15-90.compute-1.amazonaws.com",
            "public_ip": "98.83.15.90",
            "public_ipv4_pool": "amazon",
            "tags": {},
            "tags_all": {},
            "timeouts": null,
            "vpc": true
          },
          "sensitive_attributes": [],
          "identity_schema_version": 0,
          "private": "eyJlMmJmYjczMC1lY2FhLTExZTYtOGY4OC0zNDM2M2JjN2M0YzAiOnsiZGVsZXRlIjoxODAwMDAwMDAwMDAsInJlYWQiOjkwMDAwMDAwMDAwMCwidXBkYXRlIjozMDAwMDAwMDAwMDB9fQ==",
          "dependencies": [
            "aws_instance.worker_a",
            "aws_key_pair.devops_key",
            "aws_security_group.devops_sg",
            "tls_private_key.terraform_key"
          ]
        }
      ]
    },
    {
      "mode": "managed",
      "type": "aws_eip",
      "name": "worker_b_eip",
      "provider": "provider[\"registry.terraform.io/hashicorp/aws\"]",
      "instances": [
        {
          "schema_version": 0,
          "attributes": {
            "address": null,
            "allocation_id": "eipalloc-05dc61c05e45b1cd6",
            "arn": "arn:aws:ec2:us-east-1:203918858065:elastic-ip/eipalloc-05dc61c05e45b1cd6",
            "associate_with_private_ip": null,
            "association_id": "eipassoc-002d5e08dd33d0db7",
            "carrier_ip": "",
            "customer_owned_ip": "",
            "customer_owned_ipv4_pool": "",
            "domain": "vpc",
            "id": "eipalloc-05dc61c05e45b1cd6",
            "instance": "i-0cc179c405bbbc51c",
            "ipam_pool_id": null,
            "network_border_group": "us-east-1",
            "network_interface": "eni-0307d6ffe3d8aaa01",
            "private_dns": "ip-172-31-21-249.ec2.internal",
            "private_ip": "172.31.21.249",
            "ptr_record": "",
            "public_dns": "ec2-34-229-55-207.compute-1.amazonaws.com",
            "public_ip": "34.229.55.207",
            "public_ipv4_pool": "amazon",
            "tags": {},
            "tags_all": {},
            "timeouts": null,
            "vpc": true
          },
          "sensitive_attributes": [],
          "identity_schema_version": 0,
          "private": "eyJlMmJmYjczMC1lY2FhLTExZTYtOGY4OC0zNDM2M2JjN2M0YzAiOnsiZGVsZXRlIjoxODAwMDAwMDAwMDAsInJlYWQiOjkwMDAwMDAwMDAwMCwidXBkYXRlIjozMDAwMDAwMDAwMDB9fQ==",
          "dependencies": [
            "aws_instance.worker_b",
            "aws_key_pair.devops_key",
            "aws_security_group.devops_sg",
            "tls_private_key.terraform_key"
          ]
        }
      ]
    },
    {
      "mode": "managed",
      "type": "aws_instance",
      "name": "controller",
      "provider": "provider[\"registry.terraform.io/hashicorp/aws\"]",
      "instances": [
        {
          "schema_version": 1,
          "attributes": {
            "ami": "ami-0c2b8ca1dad447f8a",
            "arn": "arn:aws:ec2:us-east-1:203918858065:instance/i-055ec8258039b2944",
            "associate_public_ip_address": true,
            "availability_zone": "us-east-1a",
            "capacity_reservation_specification": [
              {
                "capacity_reservation_preference": "open",
                "capacity_reservation_target": []
              }
            ],
            "cpu_core_count": 1,
            "cpu_options": [
              {
                "amd_sev_snp": "",
                "core_count": 1,
                "threads_per_core": 1
              }
            ],
            "cpu_threads_per_core": 1,
            "credit_specification": [
              {
                "cpu_credits": "standard"
              }
            ],
            "disable_api_stop": false,
            "disable_api_termination": false,
            "ebs_block_device": [],
            "ebs_optimized": false,
            "enable_primary_ipv6": null,
            "enclave_options": [
              {
                "enabled": false
              }
            ],
            "ephemeral_block_device": [],
            "get_password_data": false,
            "hibernation": false,
            "host_id": "",
            "host_resource_group_arn": null,
            "iam_instance_profile": "",
            "id": "i-055ec8258039b2944",
            "instance_initiated_shutdown_behavior": "stop",
            "instance_lifecycle": "",
            "instance_market_options": [],
            "instance_state": "running",
            "instance_type": "t2.micro",
            "ipv6_address_count": 0,
            "ipv6_addresses": [],
            "key_name": "devops_key",
            "launch_template": [],
            "maintenance_options": [
              {
                "auto_recovery": "default"
              }
            ],
            "metadata_options": [
              {
                "http_endpoint": "enabled",
                "http_protocol_ipv6": "disabled",
                "http_put_response_hop_limit": 1,
                "http_tokens": "optional",
                "instance_metadata_tags": "disabled"
              }
            ],
            "monitoring": false,
            "network_interface": [],
            "outpost_arn": "",
            "password_data": "",
            "placement_group": "",
            "placement_partition_number": 0,
            "primary_network_interface_id": "eni-0792959f6da766744",
            "private_dns": "ip-172-31-24-240.ec2.internal",
            "private_dns_name_options": [
              {
                "enable_resource_name_dns_a_record": false,
                "enable_resource_name_dns_aaaa_record": false,
                "hostname_type": "ip-name"
              }
            ],
            "private_ip": "172.31.24.240",
            "public_dns": "ec2-13-220-174-252.compute-1.amazonaws.com",
            "public_ip": "13.220.174.252",
            "root_block_device": [
              {
                "delete_on_termination": true,
                "device_name": "/dev/xvda",
                "encrypted": false,
                "iops": 100,
                "kms_key_id": "",
                "tags": {},
                "tags_all": {},
                "throughput": 0,
                "volume_id": "vol-03460798b90abadc9",
                "volume_size": 8,
                "volume_type": "gp2"
              }
            ],
            "secondary_private_ips": [],
            "security_groups": [
              "devops_sg"
            ],
            "source_dest_check": true,
            "spot_instance_request_id": "",
            "subnet_id": "subnet-06db2ff0a87c083a9",
            "tags": {
              "Name": "Controller"
            },
            "tags_all": {
              "Name": "Controller"
            },
            "tenancy": "default",
            "timeouts": null,
            "user_data": null,
            "user_data_base64": null,
            "user_data_replace_on_change": false,
            "volume_tags": null,
            "vpc_security_group_ids": [
              "sg-01c200478d7a53fd5"
            ]
          },
          "sensitive_attributes": [],
          "identity_schema_version": 0,
          "private": "eyJlMmJmYjczMC1lY2FhLTExZTYtOGY4OC0zNDM2M2JjN2M0YzAiOnsiY3JlYXRlIjo2MDAwMDAwMDAwMDAsImRlbGV0ZSI6MTIwMDAwMDAwMDAwMCwicmVhZCI6OTAwMDAwMDAwMDAwLCJ1cGRhdGUiOjYwMDAwMDAwMDAwMH0sInNjaGVtYV92ZXJzaW9uIjoiMSJ9",
          "dependencies": [
            "aws_key_pair.devops_key",
            "aws_security_group.devops_sg",
            "tls_private_key.terraform_key"
          ]
        }
      ]
    },
    {
      "mode": "managed",
      "type": "aws_instance",
      "name": "manager",
      "provider": "provider[\"registry.terraform.io/hashicorp/aws\"]",
      "instances": [
        {
          "schema_version": 1,
          "attributes": {
            "ami": "ami-0c2b8ca1dad447f8a",
            "arn": "arn:aws:ec2:us-east-1:203918858065:instance/i-0891f749052ff56fe",
            "associate_public_ip_address": true,
            "availability_zone": "us-east-1a",
            "capacity_reservation_specification": [
              {
                "capacity_reservation_preference": "open",
                "capacity_reservation_target": []
              }
            ],
            "cpu_core_count": 1,
            "cpu_options": [
              {
                "amd_sev_snp": "",
                "core_count": 1,
                "threads_per_core": 1
              }
            ],
            "cpu_threads_per_core": 1,
            "credit_specification": [
              {
                "cpu_credits": "standard"
              }
            ],
            "disable_api_stop": false,
            "disable_api_termination": false,
            "ebs_block_device": [],
            "ebs_optimized": false,
            "enable_primary_ipv6": null,
            "enclave_options": [
              {
                "enabled": false
              }
            ],
            "ephemeral_block_device": [],
            "get_password_data": false,
            "hibernation": false,
            "host_id": "",
            "host_resource_group_arn": null,
            "iam_instance_profile": "",
            "id": "i-0891f749052ff56fe",
            "instance_initiated_shutdown_behavior": "stop",
            "instance_lifecycle": "",
            "instance_market_options": [],
            "instance_state": "running",
            "instance_type": "t2.micro",
            "ipv6_address_count": 0,
            "ipv6_addresses": [],
            "key_name": "devops_key",
            "launch_template": [],
            "maintenance_options": [
              {
                "auto_recovery": "default"
              }
            ],
            "metadata_options": [
              {
                "http_endpoint": "enabled",
                "http_protocol_ipv6": "disabled",
                "http_put_response_hop_limit": 1,
                "http_tokens": "optional",
                "instance_metadata_tags": "disabled"
              }
            ],
            "monitoring": false,
            "network_interface": [],
            "outpost_arn": "",
            "password_data": "",
            "placement_group": "",
            "placement_partition_number": 0,
            "primary_network_interface_id": "eni-0d6a3034e58f22d7a",
            "private_dns": "ip-172-31-26-103.ec2.internal",
            "private_dns_name_options": [
              {
                "enable_resource_name_dns_a_record": false,
                "enable_resource_name_dns_aaaa_record": false,
                "hostname_type": "ip-name"
              }
            ],
            "private_ip": "172.31.26.103",
            "public_dns": "ec2-13-218-87-236.compute-1.amazonaws.com",
            "public_ip": "13.218.87.236",
            "root_block_device": [
              {
                "delete_on_termination": true,
                "device_name": "/dev/xvda",
                "encrypted": false,
                "iops": 100,
                "kms_key_id": "",
                "tags": {},
                "tags_all": {},
                "throughput": 0,
                "volume_id": "vol-01dea954c64e9e4c9",
                "volume_size": 8,
                "volume_type": "gp2"
              }
            ],
            "secondary_private_ips": [],
            "security_groups": [
              "devops_sg"
            ],
            "source_dest_check": true,
            "spot_instance_request_id": "",
            "subnet_id": "subnet-06db2ff0a87c083a9",
            "tags": {
              "Name": "Manager"
            },
            "tags_all": {
              "Name": "Manager"
            },
            "tenancy": "default",
            "timeouts": null,
            "user_data": null,
            "user_data_base64": null,
            "user_data_replace_on_change": false,
            "volume_tags": null,
            "vpc_security_group_ids": [
              "sg-01c200478d7a53fd5"
            ]
          },
          "sensitive_attributes": [],
          "identity_schema_version": 0,
          "private": "eyJlMmJmYjczMC1lY2FhLTExZTYtOGY4OC0zNDM2M2JjN2M0YzAiOnsiY3JlYXRlIjo2MDAwMDAwMDAwMDAsImRlbGV0ZSI6MTIwMDAwMDAwMDAwMCwicmVhZCI6OTAwMDAwMDAwMDAwLCJ1cGRhdGUiOjYwMDAwMDAwMDAwMH0sInNjaGVtYV92ZXJzaW9uIjoiMSJ9",
          "dependencies": [
            "aws_key_pair.devops_key",
            "aws_security_group.devops_sg",
            "tls_private_key.terraform_key"
          ]
        }
      ]
    },
    {
      "mode": "managed",
      "type": "aws_instance",
      "name": "worker_a",
      "provider": "provider[\"registry.terraform.io/hashicorp/aws\"]",
      "instances": [
        {
          "schema_version": 1,
          "attributes": {
            "ami": "ami-0c2b8ca1dad447f8a",
            "arn": "arn:aws:ec2:us-east-1:203918858065:instance/i-08bad516c942ac267",
            "associate_public_ip_address": true,
            "availability_zone": "us-east-1a",
            "capacity_reservation_specification": [
              {
                "capacity_reservation_preference": "open",
                "capacity_reservation_target": []
              }
            ],
            "cpu_core_count": 1,
            "cpu_options": [
              {
                "amd_sev_snp": "",
                "core_count": 1,
                "threads_per_core": 1
              }
            ],
            "cpu_threads_per_core": 1,
            "credit_specification": [
              {
                "cpu_credits": "standard"
              }
            ],
            "disable_api_stop": false,
            "disable_api_termination": false,
            "ebs_block_device": [],
            "ebs_optimized": false,
            "enable_primary_ipv6": null,
            "enclave_options": [
              {
                "enabled": false
              }
            ],
            "ephemeral_block_device": [],
            "get_password_data": false,
            "hibernation": false,
            "host_id": "",
            "host_resource_group_arn": null,
            "iam_instance_profile": "",
            "id": "i-08bad516c942ac267",
            "instance_initiated_shutdown_behavior": "stop",
            "instance_lifecycle": "",
            "instance_market_options": [],
            "instance_state": "running",
            "instance_type": "t2.micro",
            "ipv6_address_count": 0,
            "ipv6_addresses": [],
            "key_name": "devops_key",
            "launch_template": [],
            "maintenance_options": [
              {
                "auto_recovery": "default"
              }
            ],
            "metadata_options": [
              {
                "http_endpoint": "enabled",
                "http_protocol_ipv6": "disabled",
                "http_put_response_hop_limit": 1,
                "http_tokens": "optional",
                "instance_metadata_tags": "disabled"
              }
            ],
            "monitoring": false,
            "network_interface": [],
            "outpost_arn": "",
            "password_data": "",
            "placement_group": "",
            "placement_partition_number": 0,
            "primary_network_interface_id": "eni-037c82ccc3c6fee4d",
            "private_dns": "ip-172-31-24-248.ec2.internal",
            "private_dns_name_options": [
              {
                "enable_resource_name_dns_a_record": false,
                "enable_resource_name_dns_aaaa_record": false,
                "hostname_type": "ip-name"
              }
            ],
            "private_ip": "172.31.24.248",
            "public_dns": "ec2-34-228-74-80.compute-1.amazonaws.com",
            "public_ip": "34.228.74.80",
            "root_block_device": [
              {
                "delete_on_termination": true,
                "device_name": "/dev/xvda",
                "encrypted": false,
                "iops": 100,
                "kms_key_id": "",
                "tags": {},
                "tags_all": {},
                "throughput": 0,
                "volume_id": "vol-0b6e2b1c14c6bb72e",
                "volume_size": 8,
                "volume_type": "gp2"
              }
            ],
            "secondary_private_ips": [],
            "security_groups": [
              "devops_sg"
            ],
            "source_dest_check": true,
            "spot_instance_request_id": "",
            "subnet_id": "subnet-06db2ff0a87c083a9",
            "tags": {
              "Name": "WorkerA"
            },
            "tags_all": {
              "Name": "WorkerA"
            },
            "tenancy": "default",
            "timeouts": null,
            "user_data": null,
            "user_data_base64": null,
            "user_data_replace_on_change": false,
            "volume_tags": null,
            "vpc_security_group_ids": [
              "sg-01c200478d7a53fd5"
            ]
          },
          "sensitive_attributes": [],
          "identity_schema_version": 0,
          "private": "eyJlMmJmYjczMC1lY2FhLTExZTYtOGY4OC0zNDM2M2JjN2M0YzAiOnsiY3JlYXRlIjo2MDAwMDAwMDAwMDAsImRlbGV0ZSI6MTIwMDAwMDAwMDAwMCwicmVhZCI6OTAwMDAwMDAwMDAwLCJ1cGRhdGUiOjYwMDAwMDAwMDAwMH0sInNjaGVtYV92ZXJzaW9uIjoiMSJ9",
          "dependencies": [
            "aws_key_pair.devops_key",
            "aws_security_group.devops_sg",
            "tls_private_key.terraform_key"
          ]
        }
      ]
    },
    {
      "mode": "managed",
      "type": "aws_instance",
      "name": "worker_b",
      "provider": "provider[\"registry.terraform.io/hashicorp/aws\"]",
      "instances": [
        {
          "schema_version": 1,
          "attributes": {
            "ami": "ami-0c2b8ca1dad447f8a",
            "arn": "arn:aws:ec2:us-east-1:203918858065:instance/i-0cc179c405bbbc51c",
            "associate_public_ip_address": true,
            "availability_zone": "us-east-1a",
            "capacity_reservation_specification": [
              {
                "capacity_reservation_preference": "open",
                "capacity_reservation_target": []
              }
            ],
            "cpu_core_count": 1,
            "cpu_options": [
              {
                "amd_sev_snp": "",
                "core_count": 1,
                "threads_per_core": 1
              }
            ],
            "cpu_threads_per_core": 1,
            "credit_specification": [
              {
                "cpu_credits": "standard"
              }
            ],
            "disable_api_stop": false,
            "disable_api_termination": false,
            "ebs_block_device": [],
            "ebs_optimized": false,
            "enable_primary_ipv6": null,
            "enclave_options": [
              {
                "enabled": false
              }
            ],
            "ephemeral_block_device": [],
            "get_password_data": false,
            "hibernation": false,
            "host_id": "",
            "host_resource_group_arn": null,
            "iam_instance_profile": "",
            "id": "i-0cc179c405bbbc51c",
            "instance_initiated_shutdown_behavior": "stop",
            "instance_lifecycle": "",
            "instance_market_options": [],
            "instance_state": "running",
            "instance_type": "t2.micro",
            "ipv6_address_count": 0,
            "ipv6_addresses": [],
            "key_name": "devops_key",
            "launch_template": [],
            "maintenance_options": [
              {
                "auto_recovery": "default"
              }
            ],
            "metadata_options": [
              {
                "http_endpoint": "enabled",
                "http_protocol_ipv6": "disabled",
                "http_put_response_hop_limit": 1,
                "http_tokens": "optional",
                "instance_metadata_tags": "disabled"
              }
            ],
            "monitoring": false,
            "network_interface": [],
            "outpost_arn": "",
            "password_data": "",
            "placement_group": "",
            "placement_partition_number": 0,
            "primary_network_interface_id": "eni-0307d6ffe3d8aaa01",
            "private_dns": "ip-172-31-21-249.ec2.internal",
            "private_dns_name_options": [
              {
                "enable_resource_name_dns_a_record": false,
                "enable_resource_name_dns_aaaa_record": false,
                "hostname_type": "ip-name"
              }
            ],
            "private_ip": "172.31.21.249",
            "public_dns": "ec2-18-215-174-188.compute-1.amazonaws.com",
            "public_ip": "18.215.174.188",
            "root_block_device": [
              {
                "delete_on_termination": true,
                "device_name": "/dev/xvda",
                "encrypted": false,
                "iops": 100,
                "kms_key_id": "",
                "tags": {},
                "tags_all": {},
                "throughput": 0,
                "volume_id": "vol-05ae07715c6b030c4",
                "volume_size": 8,
                "volume_type": "gp2"
              }
            ],
            "secondary_private_ips": [],
            "security_groups": [
              "devops_sg"
            ],
            "source_dest_check": true,
            "spot_instance_request_id": "",
            "subnet_id": "subnet-06db2ff0a87c083a9",
            "tags": {
              "Name": "WorkerB"
            },
            "tags_all": {
              "Name": "WorkerB"
            },
            "tenancy": "default",
            "timeouts": null,
            "user_data": null,
            "user_data_base64": null,
            "user_data_replace_on_change": false,
            "volume_tags": null,
            "vpc_security_group_ids": [
              "sg-01c200478d7a53fd5"
            ]
          },
          "sensitive_attributes": [],
          "identity_schema_version": 0,
          "private": "eyJlMmJmYjczMC1lY2FhLTExZTYtOGY4OC0zNDM2M2JjN2M0YzAiOnsiY3JlYXRlIjo2MDAwMDAwMDAwMDAsImRlbGV0ZSI6MTIwMDAwMDAwMDAwMCwicmVhZCI6OTAwMDAwMDAwMDAwLCJ1cGRhdGUiOjYwMDAwMDAwMDAwMH0sInNjaGVtYV92ZXJzaW9uIjoiMSJ9",
          "dependencies": [
            "aws_key_pair.devops_key",
            "aws_security_group.devops_sg",
            "tls_private_key.terraform_key"
          ]
        }
      ]
    },
    {
      "mode": "managed",
      "type": "aws_key_pair",
      "name": "devops_key",
      "provider": "provider[\"registry.terraform.io/hashicorp/aws\"]",
      "instances": [
        {
          "schema_version": 1,
          "attributes": {
            "arn": "arn:aws:ec2:us-east-1:203918858065:key-pair/devops_key",
            "fingerprint": "d8:b5:73:15:2e:aa:81:d5:15:dc:db:a1:a3:44:99:65",
            "id": "devops_key",
            "key_name": "devops_key",
            "key_name_prefix": "",
            "key_pair_id": "key-000bb53e74353d834",
            "key_type": "rsa",
            "public_key": "ssh-rsa AAAAB3NzaC1yc2EAAAADAQABAAACAQC5bhpgjR2EoWUSye+RhbMgavHICIVIHqAeYmpPZTuz4ZObR7NJPwIQtPkiXzABayx95+0U/gNvvYKWIeZJKB4Rxab0tyMAUzGArua7qfJ0VBQDBadCEaCAY+Ze2gg011pe+lBAmVN0tZrXrzy38OafbSxO8/toCDwmlzyrUbfhPrCCpIVl/JYrvbU1eFvBZCeoZD2QukKUiDyVqZ4tkoOamNMvphch6PcCseMP/j7vxKDv0+QjT99bjpVAtJCvQhPdAmruqrpI/BXli9gFS776aCkDM1uDEVyZ9w0BdObc6hG30JY3EGL6zgDx0uOKOccZWsczVUHbH9o+re1l6ANuQNf2JBsXb6uBMZfH/PZHHZoMKTJ25YGB8xkBLrEvgqjw8+KazUGWsYf/YpNhwa7j4xCkniN+zdKfoABsJeQj7nucoAjPgN70lUB4WDUdNhoeeq/+CtIJ5EGr1B6lR9RHn/sGnMZxB+xYQ1XoapnIC4dTnxL9JYHEy3Cw9+bfon4VWRrUEAuLcr+Ep5abvGFaDBnGewhJjTTNIA7yRHyLUXd34ODyt1hxehNsM/nmSrEsStefi2EMFhWE5y9vwxQT9s7AONHOXir+cdGdCpLVNLce3SaBh4PRMriGvlIyw8cSmGgp7yCUlxwxG2/usskAcDfNv2cfEMHl9QwGuTGR+Q==",
            "tags": null,
            "tags_all": {}
          },
          "sensitive_attributes": [],
          "identity_schema_version": 0,
          "private": "eyJzY2hlbWFfdmVyc2lvbiI6IjEifQ==",
          "dependencies": [
            "tls_private_key.terraform_key"
          ]
        }
      ]
    },
    {
      "mode": "managed",
      "type": "aws_security_group",
      "name": "devops_sg",
      "provider": "provider[\"registry.terraform.io/hashicorp/aws\"]",
      "instances": [
        {
          "schema_version": 1,
          "attributes": {
            "arn": "arn:aws:ec2:us-east-1:203918858065:security-group/sg-01c200478d7a53fd5",
            "description": "Allow SSH, HTTP, HTTPS, custom ports",
            "egress": [
              {
                "cidr_blocks": [
                  "0.0.0.0/0"
                ],
                "description": "",
                "from_port": 0,
                "ipv6_cidr_blocks": [],
                "prefix_list_ids": [],
                "protocol": "-1",
                "security_groups": [],
                "self": false,
                "to_port": 0
              }
            ],
            "id": "sg-01c200478d7a53fd5",
            "ingress": [
              {
                "cidr_blocks": [
                  "0.0.0.0/0"
                ],
                "description": "",
                "from_port": 22,
                "ipv6_cidr_blocks": [],
                "prefix_list_ids": [],
                "protocol": "tcp",
                "security_groups": [],
                "self": false,
                "to_port": 22
              },
              {
                "cidr_blocks": [
                  "0.0.0.0/0"
                ],
                "description": "",
                "from_port": 443,
                "ipv6_cidr_blocks": [],
                "prefix_list_ids": [],
                "protocol": "tcp",
                "security_groups": [],
                "self": false,
                "to_port": 443
              },
              {
                "cidr_blocks": [
                  "0.0.0.0/0"
                ],
                "description": "",
                "from_port": 80,
                "ipv6_cidr_blocks": [],
                "prefix_list_ids": [],
                "protocol": "tcp",
                "security_groups": [],
                "self": false,
                "to_port": 80
              }
            ],
            "name": "devops_sg",
            "name_prefix": "",
            "owner_id": "203918858065",
            "revoke_rules_on_delete": false,
            "tags": null,
            "tags_all": {},
            "timeouts": null,
            "vpc_id": "vpc-02f5e00991ede8726"
          },
          "sensitive_attributes": [],
          "identity_schema_version": 0,
          "private": "eyJlMmJmYjczMC1lY2FhLTExZTYtOGY4OC0zNDM2M2JjN2M0YzAiOnsiY3JlYXRlIjo2MDAwMDAwMDAwMDAsImRlbGV0ZSI6OTAwMDAwMDAwMDAwfSwic2NoZW1hX3ZlcnNpb24iOiIxIn0="
        }
      ]
    },
    {
      "mode": "managed",
      "type": "local_file",
      "name": "private_key",
      "provider": "provider[\"registry.terraform.io/hashicorp/local\"]",
      "instances": [
        {
          "schema_version": 0,
          "attributes": {
            "content": "-----BEGIN RSA PRIVATE KEY-----\nMIIJKAIBAAKCAgEAuW4aYI0dhKFlEsnvkYWzIGrxyAiFSB6gHmJqT2U7s+GTm0ez\nST8CELT5Il8wAWssfeftFP4Db72CliHmSSgeEcWm9LcjAFMxgK7mu6nydFQUAwWn\nQhGggGPmXtoINNdaXvpQQJlTdLWa1688t/Dmn20sTvP7aAg8Jpc8q1G34T6wgqSF\nZfyWK721NXhbwWQnqGQ9kLpClIg8lameLZKDmpjTL6YXIej3ArHjD/4+78Sg79Pk\nI0/fW46VQLSQr0IT3QJq7qq6SPwV5YvYBUu++mgpAzNbgxFcmfcNAXTm3OoRt9CW\nNxBi+s4A8dLjijnHGVrHM1VB2x/aPq3tZegDbkDX9iQbF2+rgTGXx/z2Rx2aDCky\nduWBgfMZAS6xL4Ko8PPims1BlrGH/2KTYcGu4+MQpJ4jfs3Sn6AAbCXkI+57nKAI\nz4De9JVAeFg1HTYaHnqv/grSCeRBq9QepUfUR5/7BpzGcQfsWENV6GqZyAuHU58S\n/SWBxMtwsPfm36J+FVka1BALi3K/hKeWm7xhWgwZxnsISY00zSAO8kR8i1F3d+Dg\n8rdYcXoTbDP55kqxLErXn4thDBYVhOcvb8MUE/bOwDjRzl4q/nHRnQqS1TS3Ht0m\ngYeD0TK4hr5SMsPHEphoKe8glJccMRtv7rLJAHA3zb9nHxDB5fUMBrkxkfkCAwEA\nAQKCAgAMNPsC4idQT45SJ1MLFxciCjLygoUWU1XNH5jKCJWz6M9eczY9RdWX+KHx\n/lGFtmLObbyGG5a+/hB2W7LyRp7ReAaJU55ilhd11jhq9ZbNdlTUQhoEV8QOJQV0\nYbwVO8a/kTuZP767udIrYruHjGdSQCNLlfTgoLInruBtPXWdHBMN9qYFfxRPutm5\nXxFYm4RKKeyCS5C4gHjPOBmpUbIyNN9U4q/hKUShkR5WiNvnIuBJXtSaR9bMtd04\nzj+Rb13UDdBbooedkw10orkiLXNcFAv8dvQOSSVPHsa6EtJj4VDbSJ2q8FGOcI36\nsscMlsh28H/umYKQBKUfEooZ9vp1ZJrzmNqMnh/783yJ/DtLo1To1SD4tV3tk1hj\nRJwDQJIEUUx3YgnJdreP+S/aYrvg/OEqLqyeo69EsJaIE/zGlN7aN0wWyd2+N6uh\nB491Bv4q4jOqVCx8AS3gvGDYgDkTKxZopkFN9mo7MF1ZiHcsG482i6M+21mYdORZ\nnV3OOiwBmG6rQSqc4r0nJB9K7xRMrHHuq8pozNUj0ny3Y16TmP8khtcNNoy+uDy8\n/P89HmJHrvmh8Q25Q9TZHx/JSYYWRDClYLTXhLuif3BZ3fgeRxQaGfGKrrZV7aLa\nQn2HPwccg7cYds1iOU0o/gBicYS9cueCTeGLvrAS1GnYNONMkQKCAQEA2w+vnOvx\nDXaBqyaejiyAaWs5rjcYZ0BLiO+FIHFGqVVwwyZNNWRpN4yrt0GEugIQju3trNFO\n2tHNWlESKuNcYRwi6mtWTIGOi6JZcdHRmX/UaPZEe2OADE5UIUte42kG/HFtVPp0\nrJcKFsTlO2h3tZMAxfHMza00g+QHDMpXWFksWZVGVAdpShjvaKFxby9gyly1zPTk\n/Dg3wXx5vvBUgbhzTPFueGhwl04Bqw040Y5xnlTTghazoGNgEuANo5DwMGzAfqAL\nLHwydf6N6rfzJ6FKIt0MsyS3QejvNRkt+h7RdfYf670RquP0qO0yLdKI7NC2kh6s\nqyFnjW3KOmI5jQKCAQEA2LKlH3laSIml29GdsA/mjOin/iX2iMdqrKlMw6BhTuWE\nJbEghsPKiBo4Y5dujI4Bqlz1z1o4AEK5AM0edFEHYWDf5hhgEWxdyPMHtSslulvL\ngEcIyOu1mE8A7rijyObeNW7VY5veyLMkDIgycom2O8SIANar8kwouiQP20h3R+9S\noba+LtxvDv65uM9xe+ZBIREywYOGUJb1ouWCs+lvRDNi7MS7PEUTrU0RMFw+iQOs\nD9KNDwbC79guhdAFf9BemeKbqgCJ9YGCSFvF+3t0Tizh9Qg1L3PuIbzJy0H5df2R\nmx7lr2p96uQ3l4PCH2L07vashmV8Ill00pUpFpWBHQKCAQEAxRcz1WeilY5N1AMH\nHLuFPVOvrcL8PclnLGjzyeCgxrGMpsfLJ4KT99qklFhqZkB9TVtcP+SBofapX90Z\nD2VINEbwUyEHoAXgjlkfSHySrByKq3UG4E0BZBEFOH9rfAd+tZoH2DEO0EmEVkAI\nTo8LRV5hj7ahoVt4qEF85lEWjPKOKHtZrziLzpLos6atPG/QEcGgACtF6ndaEsc/\ncj8giSW+9zcxQTwWMMuKTK+0szYJm36OXbi3HFLMma7kFonM0ITIHCU6aGfFrsu8\nO7YNG1bOMNfZGUSrbK16qrdg2mzn3831ok+Vmb9G3MWsI/YMI6UU3hqjF8USOfjR\nvf2p8QKCAQANdswbsIaTiznq9pM9pT9F8g6+E83Fod5W7A4A+a4SIOCdFuxWc0Pa\nQQbP6VDNGuWvmCcNwyVHnt2v1w7VW1OCEWrX+Ru++WS6X59S+mNVuO5kAgXhtgOK\nex4rtv02NmIIH+LSVZT6E2dh//RieXwBKqzooG3+mAzPw/3YOiBvL8eKlLgsYTXl\nUJ5phTof4KabT14/99QYnciVXn1IgHCRZD/5Rh/8Fq6qTeeLga/BA6FlOkfZbyod\njOkXF13AG0pFdXcGkRIBVxKpPEqI3ZrUYKWJfAER+boKDpjbMDY3xpGNedX7mDpK\npfNuTpl5KcTeNCV0FEoqODSyAOKUrKVhAoIBABmn6lM4vmxv/ivJegMXcC3dT8at\nF8FHpHCUfI0Jua2R/js3F5xHKNLx4tf+HlM6QaWKpPVB5QJtkb2IZaKxTEgHFNuH\nFXP8VyUKal3ByvIwDVLeISgc6j0hMQb+peykQd4MTbFL/SKul9kDwqBSsXM1HpJb\nUyD8W4k2ePwV1rmDvdp+QDVhzTfV8K/M7tFjVf++P9LYj6CFs1ex/MoexWz/tP2i\nLlPUa898SrNeLGd3mKgRZO2svyqbhoiCkMObwDMrRyZzfgb6psOfcLj0cv4BW8Ic\n7epztrEinFnaF7734MTjuKadw/KV45OXPTLmqZBui/EEjMy4noGgZsKVHUc=\n-----END RSA PRIVATE KEY-----\n",
            "content_base64": null,
            "content_base64sha256": "N2B18BEEFzGdES2ZZCDt2PIg/6CN4LsEflyzxoarUF8=",
            "content_base64sha512": "AJDgDQmjTtJNmGLia4zyjubP03rh7RndwFj4BTvZ8hJUJJ4HB71UbwNA6Rl6Tg0uU53SYi4z59M/Fe+k4htqGA==",
            "content_md5": "33561bfaa0e6fa9ceb92bcf2e10d5178",
            "content_sha1": "d3f117b1494736b22f52187926d73e01c43aa7ae",
            "content_sha256": "376075f0110417319d112d996420edd8f220ffa08de0bb047e5cb3c686ab505f",
            "content_sha512": "0090e00d09a34ed24d9862e26b8cf28ee6cfd37ae1ed19ddc058f8053bd9f21254249e0707bd546f0340e9197a4e0d2e539dd2622e33e7d33f15efa4e21b6a18",
            "directory_permission": "0777",
            "file_permission": "0777",
            "filename": "./terraform-key.pem",
            "id": "d3f117b1494736b22f52187926d73e01c43aa7ae",
            "sensitive_content": null,
            "source": null
          },
          "sensitive_attributes": [
            [
              {
                "type": "get_attr",
                "value": "content"
              }
            ],
            [
              {
                "type": "get_attr",
                "value": "sensitive_content"
              }
            ]
          ],
          "identity_schema_version": 0,
          "dependencies": [
            "tls_private_key.terraform_key"
          ]
        }
      ]
    },
    {
      "mode": "managed",
      "type": "tls_private_key",
      "name": "terraform_key",
      "provider": "provider[\"registry.terraform.io/hashicorp/tls\"]",
      "instances": [
        {
          "schema_version": 1,
          "attributes": {
            "algorithm": "RSA",
            "ecdsa_curve": "P224",
            "id": "9885e6c0cf02a140541b7cb4fab8acf0708c7616",
            "private_key_openssh": "-----BEGIN OPENSSH PRIVATE KEY-----\nb3BlbnNzaC1rZXktdjEAAAAABG5vbmUAAAAEbm9uZQAAAAAAAAABAAACFwAAAAdz\nc2gtcnNhAAAAAwEAAQAAAgEAuW4aYI0dhKFlEsnvkYWzIGrxyAiFSB6gHmJqT2U7\ns+GTm0ezST8CELT5Il8wAWssfeftFP4Db72CliHmSSgeEcWm9LcjAFMxgK7mu6ny\ndFQUAwWnQhGggGPmXtoINNdaXvpQQJlTdLWa1688t/Dmn20sTvP7aAg8Jpc8q1G3\n4T6wgqSFZfyWK721NXhbwWQnqGQ9kLpClIg8lameLZKDmpjTL6YXIej3ArHjD/4+\n78Sg79PkI0/fW46VQLSQr0IT3QJq7qq6SPwV5YvYBUu++mgpAzNbgxFcmfcNAXTm\n3OoRt9CWNxBi+s4A8dLjijnHGVrHM1VB2x/aPq3tZegDbkDX9iQbF2+rgTGXx/z2\nRx2aDCkyduWBgfMZAS6xL4Ko8PPims1BlrGH/2KTYcGu4+MQpJ4jfs3Sn6AAbCXk\nI+57nKAIz4De9JVAeFg1HTYaHnqv/grSCeRBq9QepUfUR5/7BpzGcQfsWENV6GqZ\nyAuHU58S/SWBxMtwsPfm36J+FVka1BALi3K/hKeWm7xhWgwZxnsISY00zSAO8kR8\ni1F3d+Dg8rdYcXoTbDP55kqxLErXn4thDBYVhOcvb8MUE/bOwDjRzl4q/nHRnQqS\n1TS3Ht0mgYeD0TK4hr5SMsPHEphoKe8glJccMRtv7rLJAHA3zb9nHxDB5fUMBrkx\nkfkAAAc4qWyuaKlsrmgAAAAHc3NoLXJzYQAAAgEAuW4aYI0dhKFlEsnvkYWzIGrx\nyAiFSB6gHmJqT2U7s+GTm0ezST8CELT5Il8wAWssfeftFP4Db72CliHmSSgeEcWm\n9LcjAFMxgK7mu6nydFQUAwWnQhGggGPmXtoINNdaXvpQQJlTdLWa1688t/Dmn20s\nTvP7aAg8Jpc8q1G34T6wgqSFZfyWK721NXhbwWQnqGQ9kLpClIg8lameLZKDmpjT\nL6YXIej3ArHjD/4+78Sg79PkI0/fW46VQLSQr0IT3QJq7qq6SPwV5YvYBUu++mgp\nAzNbgxFcmfcNAXTm3OoRt9CWNxBi+s4A8dLjijnHGVrHM1VB2x/aPq3tZegDbkDX\n9iQbF2+rgTGXx/z2Rx2aDCkyduWBgfMZAS6xL4Ko8PPims1BlrGH/2KTYcGu4+MQ\npJ4jfs3Sn6AAbCXkI+57nKAIz4De9JVAeFg1HTYaHnqv/grSCeRBq9QepUfUR5/7\nBpzGcQfsWENV6GqZyAuHU58S/SWBxMtwsPfm36J+FVka1BALi3K/hKeWm7xhWgwZ\nxnsISY00zSAO8kR8i1F3d+Dg8rdYcXoTbDP55kqxLErXn4thDBYVhOcvb8MUE/bO\nwDjRzl4q/nHRnQqS1TS3Ht0mgYeD0TK4hr5SMsPHEphoKe8glJccMRtv7rLJAHA3\nzb9nHxDB5fUMBrkxkfkAAAADAQABAAACAAw0+wLiJ1BPjlInUwsXFyIKMvKChRZT\nVc0fmMoIlbPoz15zNj1F1Zf4ofH+UYW2Ys5tvIYblr7+EHZbsvJGntF4BolTnmKW\nF3XWOGr1ls12VNRCGgRXxA4lBXRhvBU7xr+RO5k/vru50itiu4eMZ1JAI0uV9OCg\nsieu4G09dZ0cEw32pgV/FE+62blfEVibhEop7IJLkLiAeM84GalRsjI031Tir+Ep\nRKGRHlaI2+ci4Ele1JpH1sy13TjOP5FvXdQN0Fuih52TDXSiuSItc1wUC/x29A5J\nJU8exroS0mPhUNtInarwUY5wjfqyxwyWyHbwf+6ZgpAEpR8Sihn2+nVkmvOY2oye\nH/vzfIn8O0ujVOjVIPi1Xe2TWGNEnANAkgRRTHdiCcl2t4/5L9piu+D84SourJ6j\nr0SwlogT/MaU3to3TBbJ3b43q6EHj3UG/iriM6pULHwBLeC8YNiAORMrFmimQU32\najswXVmIdywbjzaLoz7bWZh05FmdXc46LAGYbqtBKpzivSckH0rvFEysce6rymjM\n1SPSfLdjXpOY/ySG1w02jL64PLz8/z0eYkeu+aHxDblD1NkfH8lJhhZEMKVgtNeE\nu6J/cFnd+B5HFBoZ8YqutlXtotpCfYc/BxyDtxh2zWI5TSj+AGJxhL1y54JN4Yu+\nsBLUadg040yRAAABABmn6lM4vmxv/ivJegMXcC3dT8atF8FHpHCUfI0Jua2R/js3\nF5xHKNLx4tf+HlM6QaWKpPVB5QJtkb2IZaKxTEgHFNuHFXP8VyUKal3ByvIwDVLe\nISgc6j0hMQb+peykQd4MTbFL/SKul9kDwqBSsXM1HpJbUyD8W4k2ePwV1rmDvdp+\nQDVhzTfV8K/M7tFjVf++P9LYj6CFs1ex/MoexWz/tP2iLlPUa898SrNeLGd3mKgR\nZO2svyqbhoiCkMObwDMrRyZzfgb6psOfcLj0cv4BW8Ic7epztrEinFnaF7734MTj\nuKadw/KV45OXPTLmqZBui/EEjMy4noGgZsKVHUcAAAEBANsPr5zr8Q12gasmno4s\ngGlrOa43GGdAS4jvhSBxRqlVcMMmTTVkaTeMq7dBhLoCEI7t7azRTtrRzVpREirj\nXGEcIuprVkyBjouiWXHR0Zl/1Gj2RHtjgAxOVCFLXuNpBvxxbVT6dKyXChbE5Tto\nd7WTAMXxzM2tNIPkBwzKV1hZLFmVRlQHaUoY72ihcW8vYMpctcz05Pw4N8F8eb7w\nVIG4c0zxbnhocJdOAasNONGOcZ5U04IWs6BjYBLgDaOQ8DBswH6gCyx8MnX+jeq3\n8yehSiLdDLMkt0Ho7zUZLfoe0XX2H+u9Earj9KjtMi3SiOzQtpIerKshZ41tyjpi\nOY0AAAEBANiypR95WkiJpdvRnbAP5ozop/4l9ojHaqypTMOgYU7lhCWxIIbDyoga\nOGOXboyOAapc9c9aOABCuQDNHnRRB2Fg3+YYYBFsXcjzB7UrJbpby4BHCMjrtZhP\nAO64o8jm3jVu1WOb3sizJAyIMnKJtjvEiADWq/JMKLokD9tId0fvUqG2vi7cbw7+\nubjPcXvmQSERMsGDhlCW9aLlgrPpb0QzYuzEuzxFE61NETBcPokDrA/SjQ8Gwu/Y\nLoXQBX/QXpnim6oAifWBgkhbxft7dE4s4fUINS9z7iG8yctB+XX9kZse5a9qferk\nN5eDwh9i9O72rIZlfCJZdNKVKRaVgR0AAAAAAQID\n-----END OPENSSH PRIVATE KEY-----\n",
            "private_key_pem": "-----BEGIN RSA PRIVATE KEY-----\nMIIJKAIBAAKCAgEAuW4aYI0dhKFlEsnvkYWzIGrxyAiFSB6gHmJqT2U7s+GTm0ez\nST8CELT5Il8wAWssfeftFP4Db72CliHmSSgeEcWm9LcjAFMxgK7mu6nydFQUAwWn\nQhGggGPmXtoINNdaXvpQQJlTdLWa1688t/Dmn20sTvP7aAg8Jpc8q1G34T6wgqSF\nZfyWK721NXhbwWQnqGQ9kLpClIg8lameLZKDmpjTL6YXIej3ArHjD/4+78Sg79Pk\nI0/fW46VQLSQr0IT3QJq7qq6SPwV5YvYBUu++mgpAzNbgxFcmfcNAXTm3OoRt9CW\nNxBi+s4A8dLjijnHGVrHM1VB2x/aPq3tZegDbkDX9iQbF2+rgTGXx/z2Rx2aDCky\nduWBgfMZAS6xL4Ko8PPims1BlrGH/2KTYcGu4+MQpJ4jfs3Sn6AAbCXkI+57nKAI\nz4De9JVAeFg1HTYaHnqv/grSCeRBq9QepUfUR5/7BpzGcQfsWENV6GqZyAuHU58S\n/SWBxMtwsPfm36J+FVka1BALi3K/hKeWm7xhWgwZxnsISY00zSAO8kR8i1F3d+Dg\n8rdYcXoTbDP55kqxLErXn4thDBYVhOcvb8MUE/bOwDjRzl4q/nHRnQqS1TS3Ht0m\ngYeD0TK4hr5SMsPHEphoKe8glJccMRtv7rLJAHA3zb9nHxDB5fUMBrkxkfkCAwEA\nAQKCAgAMNPsC4idQT45SJ1MLFxciCjLygoUWU1XNH5jKCJWz6M9eczY9RdWX+KHx\n/lGFtmLObbyGG5a+/hB2W7LyRp7ReAaJU55ilhd11jhq9ZbNdlTUQhoEV8QOJQV0\nYbwVO8a/kTuZP767udIrYruHjGdSQCNLlfTgoLInruBtPXWdHBMN9qYFfxRPutm5\nXxFYm4RKKeyCS5C4gHjPOBmpUbIyNN9U4q/hKUShkR5WiNvnIuBJXtSaR9bMtd04\nzj+Rb13UDdBbooedkw10orkiLXNcFAv8dvQOSSVPHsa6EtJj4VDbSJ2q8FGOcI36\nsscMlsh28H/umYKQBKUfEooZ9vp1ZJrzmNqMnh/783yJ/DtLo1To1SD4tV3tk1hj\nRJwDQJIEUUx3YgnJdreP+S/aYrvg/OEqLqyeo69EsJaIE/zGlN7aN0wWyd2+N6uh\nB491Bv4q4jOqVCx8AS3gvGDYgDkTKxZopkFN9mo7MF1ZiHcsG482i6M+21mYdORZ\nnV3OOiwBmG6rQSqc4r0nJB9K7xRMrHHuq8pozNUj0ny3Y16TmP8khtcNNoy+uDy8\n/P89HmJHrvmh8Q25Q9TZHx/JSYYWRDClYLTXhLuif3BZ3fgeRxQaGfGKrrZV7aLa\nQn2HPwccg7cYds1iOU0o/gBicYS9cueCTeGLvrAS1GnYNONMkQKCAQEA2w+vnOvx\nDXaBqyaejiyAaWs5rjcYZ0BLiO+FIHFGqVVwwyZNNWRpN4yrt0GEugIQju3trNFO\n2tHNWlESKuNcYRwi6mtWTIGOi6JZcdHRmX/UaPZEe2OADE5UIUte42kG/HFtVPp0\nrJcKFsTlO2h3tZMAxfHMza00g+QHDMpXWFksWZVGVAdpShjvaKFxby9gyly1zPTk\n/Dg3wXx5vvBUgbhzTPFueGhwl04Bqw040Y5xnlTTghazoGNgEuANo5DwMGzAfqAL\nLHwydf6N6rfzJ6FKIt0MsyS3QejvNRkt+h7RdfYf670RquP0qO0yLdKI7NC2kh6s\nqyFnjW3KOmI5jQKCAQEA2LKlH3laSIml29GdsA/mjOin/iX2iMdqrKlMw6BhTuWE\nJbEghsPKiBo4Y5dujI4Bqlz1z1o4AEK5AM0edFEHYWDf5hhgEWxdyPMHtSslulvL\ngEcIyOu1mE8A7rijyObeNW7VY5veyLMkDIgycom2O8SIANar8kwouiQP20h3R+9S\noba+LtxvDv65uM9xe+ZBIREywYOGUJb1ouWCs+lvRDNi7MS7PEUTrU0RMFw+iQOs\nD9KNDwbC79guhdAFf9BemeKbqgCJ9YGCSFvF+3t0Tizh9Qg1L3PuIbzJy0H5df2R\nmx7lr2p96uQ3l4PCH2L07vashmV8Ill00pUpFpWBHQKCAQEAxRcz1WeilY5N1AMH\nHLuFPVOvrcL8PclnLGjzyeCgxrGMpsfLJ4KT99qklFhqZkB9TVtcP+SBofapX90Z\nD2VINEbwUyEHoAXgjlkfSHySrByKq3UG4E0BZBEFOH9rfAd+tZoH2DEO0EmEVkAI\nTo8LRV5hj7ahoVt4qEF85lEWjPKOKHtZrziLzpLos6atPG/QEcGgACtF6ndaEsc/\ncj8giSW+9zcxQTwWMMuKTK+0szYJm36OXbi3HFLMma7kFonM0ITIHCU6aGfFrsu8\nO7YNG1bOMNfZGUSrbK16qrdg2mzn3831ok+Vmb9G3MWsI/YMI6UU3hqjF8USOfjR\nvf2p8QKCAQANdswbsIaTiznq9pM9pT9F8g6+E83Fod5W7A4A+a4SIOCdFuxWc0Pa\nQQbP6VDNGuWvmCcNwyVHnt2v1w7VW1OCEWrX+Ru++WS6X59S+mNVuO5kAgXhtgOK\nex4rtv02NmIIH+LSVZT6E2dh//RieXwBKqzooG3+mAzPw/3YOiBvL8eKlLgsYTXl\nUJ5phTof4KabT14/99QYnciVXn1IgHCRZD/5Rh/8Fq6qTeeLga/BA6FlOkfZbyod\njOkXF13AG0pFdXcGkRIBVxKpPEqI3ZrUYKWJfAER+boKDpjbMDY3xpGNedX7mDpK\npfNuTpl5KcTeNCV0FEoqODSyAOKUrKVhAoIBABmn6lM4vmxv/ivJegMXcC3dT8at\nF8FHpHCUfI0Jua2R/js3F5xHKNLx4tf+HlM6QaWKpPVB5QJtkb2IZaKxTEgHFNuH\nFXP8VyUKal3ByvIwDVLeISgc6j0hMQb+peykQd4MTbFL/SKul9kDwqBSsXM1HpJb\nUyD8W4k2ePwV1rmDvdp+QDVhzTfV8K/M7tFjVf++P9LYj6CFs1ex/MoexWz/tP2i\nLlPUa898SrNeLGd3mKgRZO2svyqbhoiCkMObwDMrRyZzfgb6psOfcLj0cv4BW8Ic\n7epztrEinFnaF7734MTjuKadw/KV45OXPTLmqZBui/EEjMy4noGgZsKVHUc=\n-----END RSA PRIVATE KEY-----\n",
            "private_key_pem_pkcs8": "-----BEGIN PRIVATE KEY-----\nMIIJQgIBADANBgkqhkiG9w0BAQEFAASCCSwwggkoAgEAAoICAQC5bhpgjR2EoWUS\nye+RhbMgavHICIVIHqAeYmpPZTuz4ZObR7NJPwIQtPkiXzABayx95+0U/gNvvYKW\nIeZJKB4Rxab0tyMAUzGArua7qfJ0VBQDBadCEaCAY+Ze2gg011pe+lBAmVN0tZrX\nrzy38OafbSxO8/toCDwmlzyrUbfhPrCCpIVl/JYrvbU1eFvBZCeoZD2QukKUiDyV\nqZ4tkoOamNMvphch6PcCseMP/j7vxKDv0+QjT99bjpVAtJCvQhPdAmruqrpI/BXl\ni9gFS776aCkDM1uDEVyZ9w0BdObc6hG30JY3EGL6zgDx0uOKOccZWsczVUHbH9o+\nre1l6ANuQNf2JBsXb6uBMZfH/PZHHZoMKTJ25YGB8xkBLrEvgqjw8+KazUGWsYf/\nYpNhwa7j4xCkniN+zdKfoABsJeQj7nucoAjPgN70lUB4WDUdNhoeeq/+CtIJ5EGr\n1B6lR9RHn/sGnMZxB+xYQ1XoapnIC4dTnxL9JYHEy3Cw9+bfon4VWRrUEAuLcr+E\np5abvGFaDBnGewhJjTTNIA7yRHyLUXd34ODyt1hxehNsM/nmSrEsStefi2EMFhWE\n5y9vwxQT9s7AONHOXir+cdGdCpLVNLce3SaBh4PRMriGvlIyw8cSmGgp7yCUlxwx\nG2/usskAcDfNv2cfEMHl9QwGuTGR+QIDAQABAoICAAw0+wLiJ1BPjlInUwsXFyIK\nMvKChRZTVc0fmMoIlbPoz15zNj1F1Zf4ofH+UYW2Ys5tvIYblr7+EHZbsvJGntF4\nBolTnmKWF3XWOGr1ls12VNRCGgRXxA4lBXRhvBU7xr+RO5k/vru50itiu4eMZ1JA\nI0uV9OCgsieu4G09dZ0cEw32pgV/FE+62blfEVibhEop7IJLkLiAeM84GalRsjI0\n31Tir+EpRKGRHlaI2+ci4Ele1JpH1sy13TjOP5FvXdQN0Fuih52TDXSiuSItc1wU\nC/x29A5JJU8exroS0mPhUNtInarwUY5wjfqyxwyWyHbwf+6ZgpAEpR8Sihn2+nVk\nmvOY2oyeH/vzfIn8O0ujVOjVIPi1Xe2TWGNEnANAkgRRTHdiCcl2t4/5L9piu+D8\n4SourJ6jr0SwlogT/MaU3to3TBbJ3b43q6EHj3UG/iriM6pULHwBLeC8YNiAORMr\nFmimQU32ajswXVmIdywbjzaLoz7bWZh05FmdXc46LAGYbqtBKpzivSckH0rvFEys\nce6rymjM1SPSfLdjXpOY/ySG1w02jL64PLz8/z0eYkeu+aHxDblD1NkfH8lJhhZE\nMKVgtNeEu6J/cFnd+B5HFBoZ8YqutlXtotpCfYc/BxyDtxh2zWI5TSj+AGJxhL1y\n54JN4Yu+sBLUadg040yRAoIBAQDbD6+c6/ENdoGrJp6OLIBpazmuNxhnQEuI74Ug\ncUapVXDDJk01ZGk3jKu3QYS6AhCO7e2s0U7a0c1aURIq41xhHCLqa1ZMgY6Lollx\n0dGZf9Ro9kR7Y4AMTlQhS17jaQb8cW1U+nSslwoWxOU7aHe1kwDF8czNrTSD5AcM\nyldYWSxZlUZUB2lKGO9ooXFvL2DKXLXM9OT8ODfBfHm+8FSBuHNM8W54aHCXTgGr\nDTjRjnGeVNOCFrOgY2AS4A2jkPAwbMB+oAssfDJ1/o3qt/MnoUoi3QyzJLdB6O81\nGS36HtF19h/rvRGq4/So7TIt0ojs0LaSHqyrIWeNbco6YjmNAoIBAQDYsqUfeVpI\niaXb0Z2wD+aM6Kf+JfaIx2qsqUzDoGFO5YQlsSCGw8qIGjhjl26MjgGqXPXPWjgA\nQrkAzR50UQdhYN/mGGARbF3I8we1KyW6W8uARwjI67WYTwDuuKPI5t41btVjm97I\nsyQMiDJyibY7xIgA1qvyTCi6JA/bSHdH71Khtr4u3G8O/rm4z3F75kEhETLBg4ZQ\nlvWi5YKz6W9EM2LsxLs8RROtTREwXD6JA6wP0o0PBsLv2C6F0AV/0F6Z4puqAIn1\ngYJIW8X7e3ROLOH1CDUvc+4hvMnLQfl1/ZGbHuWvan3q5DeXg8IfYvTu9qyGZXwi\nWXTSlSkWlYEdAoIBAQDFFzPVZ6KVjk3UAwccu4U9U6+twvw9yWcsaPPJ4KDGsYym\nx8sngpP32qSUWGpmQH1NW1w/5IGh9qlf3RkPZUg0RvBTIQegBeCOWR9IfJKsHIqr\ndQbgTQFkEQU4f2t8B361mgfYMQ7QSYRWQAhOjwtFXmGPtqGhW3ioQXzmURaM8o4o\ne1mvOIvOkuizpq08b9ARwaAAK0Xqd1oSxz9yPyCJJb73NzFBPBYwy4pMr7SzNgmb\nfo5duLccUsyZruQWiczQhMgcJTpoZ8Wuy7w7tg0bVs4w19kZRKtsrXqqt2DabOff\nzfWiT5WZv0bcxawj9gwjpRTeGqMXxRI5+NG9/anxAoIBAA12zBuwhpOLOer2kz2l\nP0XyDr4TzcWh3lbsDgD5rhIg4J0W7FZzQ9pBBs/pUM0a5a+YJw3DJUee3a/XDtVb\nU4IRatf5G775ZLpfn1L6Y1W47mQCBeG2A4p7Hiu2/TY2Yggf4tJVlPoTZ2H/9GJ5\nfAEqrOigbf6YDM/D/dg6IG8vx4qUuCxhNeVQnmmFOh/gpptPXj/31BidyJVefUiA\ncJFkP/lGH/wWrqpN54uBr8EDoWU6R9lvKh2M6RcXXcAbSkV1dwaREgFXEqk8Sojd\nmtRgpYl8ARH5ugoOmNswNjfGkY151fuYOkql825OmXkpxN40JXQUSio4NLIA4pSs\npWECggEAGafqUzi+bG/+K8l6AxdwLd1Pxq0XwUekcJR8jQm5rZH+OzcXnEco0vHi\n1/4eUzpBpYqk9UHlAm2RvYhlorFMSAcU24cVc/xXJQpqXcHK8jANUt4hKBzqPSEx\nBv6l7KRB3gxNsUv9Iq6X2QPCoFKxczUekltTIPxbiTZ4/BXWuYO92n5ANWHNN9Xw\nr8zu0WNV/74/0tiPoIWzV7H8yh7FbP+0/aIuU9Rrz3xKs14sZ3eYqBFk7ay/KpuG\niIKQw5vAMytHJnN+Bvqmw59wuPRy/gFbwhzt6nO2sSKcWdoXvvfgxOO4pp3D8pXj\nk5c9MuapkG6L8QSMzLiegaBmwpUdRw==\n-----END PRIVATE KEY-----\n",
            "public_key_fingerprint_md5": "29:a9:a1:59:ac:3f:5f:63:8d:f8:17:b8:f3:3b:4e:7a",
            "public_key_fingerprint_sha256": "SHA256:en8GzHJ6TlLMMrhm3sfH1Pwtea3o1VdoECnvB4CHFBM",
            "public_key_openssh": "ssh-rsa AAAAB3NzaC1yc2EAAAADAQABAAACAQC5bhpgjR2EoWUSye+RhbMgavHICIVIHqAeYmpPZTuz4ZObR7NJPwIQtPkiXzABayx95+0U/gNvvYKWIeZJKB4Rxab0tyMAUzGArua7qfJ0VBQDBadCEaCAY+Ze2gg011pe+lBAmVN0tZrXrzy38OafbSxO8/toCDwmlzyrUbfhPrCCpIVl/JYrvbU1eFvBZCeoZD2QukKUiDyVqZ4tkoOamNMvphch6PcCseMP/j7vxKDv0+QjT99bjpVAtJCvQhPdAmruqrpI/BXli9gFS776aCkDM1uDEVyZ9w0BdObc6hG30JY3EGL6zgDx0uOKOccZWsczVUHbH9o+re1l6ANuQNf2JBsXb6uBMZfH/PZHHZoMKTJ25YGB8xkBLrEvgqjw8+KazUGWsYf/YpNhwa7j4xCkniN+zdKfoABsJeQj7nucoAjPgN70lUB4WDUdNhoeeq/+CtIJ5EGr1B6lR9RHn/sGnMZxB+xYQ1XoapnIC4dTnxL9JYHEy3Cw9+bfon4VWRrUEAuLcr+Ep5abvGFaDBnGewhJjTTNIA7yRHyLUXd34ODyt1hxehNsM/nmSrEsStefi2EMFhWE5y9vwxQT9s7AONHOXir+cdGdCpLVNLce3SaBh4PRMriGvlIyw8cSmGgp7yCUlxwxG2/usskAcDfNv2cfEMHl9QwGuTGR+Q==\n",
            "public_key_pem": "-----BEGIN PUBLIC KEY-----\nMIICIjANBgkqhkiG9w0BAQEFAAOCAg8AMIICCgKCAgEAuW4aYI0dhKFlEsnvkYWz\nIGrxyAiFSB6gHmJqT2U7s+GTm0ezST8CELT5Il8wAWssfeftFP4Db72CliHmSSge\nEcWm9LcjAFMxgK7mu6nydFQUAwWnQhGggGPmXtoINNdaXvpQQJlTdLWa1688t/Dm\nn20sTvP7aAg8Jpc8q1G34T6wgqSFZfyWK721NXhbwWQnqGQ9kLpClIg8lameLZKD\nmpjTL6YXIej3ArHjD/4+78Sg79PkI0/fW46VQLSQr0IT3QJq7qq6SPwV5YvYBUu+\n+mgpAzNbgxFcmfcNAXTm3OoRt9CWNxBi+s4A8dLjijnHGVrHM1VB2x/aPq3tZegD\nbkDX9iQbF2+rgTGXx/z2Rx2aDCkyduWBgfMZAS6xL4Ko8PPims1BlrGH/2KTYcGu\n4+MQpJ4jfs3Sn6AAbCXkI+57nKAIz4De9JVAeFg1HTYaHnqv/grSCeRBq9QepUfU\nR5/7BpzGcQfsWENV6GqZyAuHU58S/SWBxMtwsPfm36J+FVka1BALi3K/hKeWm7xh\nWgwZxnsISY00zSAO8kR8i1F3d+Dg8rdYcXoTbDP55kqxLErXn4thDBYVhOcvb8MU\nE/bOwDjRzl4q/nHRnQqS1TS3Ht0mgYeD0TK4hr5SMsPHEphoKe8glJccMRtv7rLJ\nAHA3zb9nHxDB5fUMBrkxkfkCAwEAAQ==\n-----END PUBLIC KEY-----\n",
            "rsa_bits": 4096
          },
          "sensitive_attributes": [
            [
              {
                "type": "get_attr",
                "value": "private_key_openssh"
              }
            ],
            [
              {
                "type": "get_attr",
                "value": "private_key_pem"
              }
            ],
            [
              {
                "type": "get_attr",
                "value": "private_key_pem_pkcs8"
              }
            ]
          ],
          "identity_schema_version": 0
        }
      ]
    }
  ],
  "check_results": null
}
